// !$*UTF8*$!
{
	archiveVersion = 1;
	classes = {
	};
	objectVersion = 50;
	objects = {

/* Begin PBXBuildFile section */
		23562495F56AEB699EAC4653 /* Pods_SweetTests.framework in Frameworks */ = {isa = PBXBuildFile; fileRef = 0135478D65C69FE268B22C5F /* Pods_SweetTests.framework */; };
		2C4A2107023F0E35905AF719 /* Pods_Sweet_Sweet_Dev.framework in Frameworks */ = {isa = PBXBuildFile; fileRef = CF7FABAE404A84982E3AD848 /* Pods_Sweet_Sweet_Dev.framework */; };
		7E630635BB65B171A8F45009 /* Pods_Sweet.framework in Frameworks */ = {isa = PBXBuildFile; fileRef = 055C25ED47324EF5A4093DFF /* Pods_Sweet.framework */; };
		AC84120E20887C800086891C /* UIDevice+DeviceType.swift in Sources */ = {isa = PBXBuildFile; fileRef = AC84120D20887C800086891C /* UIDevice+DeviceType.swift */; };
		AC84120F20887C800086891C /* UIDevice+DeviceType.swift in Sources */ = {isa = PBXBuildFile; fileRef = AC84120D20887C800086891C /* UIDevice+DeviceType.swift */; };
		AC84121020887C800086891C /* UIDevice+DeviceType.swift in Sources */ = {isa = PBXBuildFile; fileRef = AC84120D20887C800086891C /* UIDevice+DeviceType.swift */; };
		AC84121120887C800086891C /* UIDevice+DeviceType.swift in Sources */ = {isa = PBXBuildFile; fileRef = AC84120D20887C800086891C /* UIDevice+DeviceType.swift */; };
		AC841213208881A40086891C /* AuthPlugin.swift in Sources */ = {isa = PBXBuildFile; fileRef = AC841212208881A40086891C /* AuthPlugin.swift */; };
		AC841214208881A40086891C /* AuthPlugin.swift in Sources */ = {isa = PBXBuildFile; fileRef = AC841212208881A40086891C /* AuthPlugin.swift */; };
		AC841215208881A40086891C /* AuthPlugin.swift in Sources */ = {isa = PBXBuildFile; fileRef = AC841212208881A40086891C /* AuthPlugin.swift */; };
		AC841216208881A40086891C /* AuthPlugin.swift in Sources */ = {isa = PBXBuildFile; fileRef = AC841212208881A40086891C /* AuthPlugin.swift */; };
		AC8412182088828E0086891C /* WebAPI.swift in Sources */ = {isa = PBXBuildFile; fileRef = AC8412172088828E0086891C /* WebAPI.swift */; };
		AC8412192088828E0086891C /* WebAPI.swift in Sources */ = {isa = PBXBuildFile; fileRef = AC8412172088828E0086891C /* WebAPI.swift */; };
		AC84121A2088828E0086891C /* WebAPI.swift in Sources */ = {isa = PBXBuildFile; fileRef = AC8412172088828E0086891C /* WebAPI.swift */; };
		AC84121B2088828E0086891C /* WebAPI.swift in Sources */ = {isa = PBXBuildFile; fileRef = AC8412172088828E0086891C /* WebAPI.swift */; };
		AC84121D2088B0E60086891C /* SignPlugin.swift in Sources */ = {isa = PBXBuildFile; fileRef = AC84121C2088B0E60086891C /* SignPlugin.swift */; };
		AC84121E2088B0E60086891C /* SignPlugin.swift in Sources */ = {isa = PBXBuildFile; fileRef = AC84121C2088B0E60086891C /* SignPlugin.swift */; };
		AC84121F2088B0E60086891C /* SignPlugin.swift in Sources */ = {isa = PBXBuildFile; fileRef = AC84121C2088B0E60086891C /* SignPlugin.swift */; };
		AC8412202088B0E60086891C /* SignPlugin.swift in Sources */ = {isa = PBXBuildFile; fileRef = AC84121C2088B0E60086891C /* SignPlugin.swift */; };
		AC8412222088B1DE0086891C /* Signer.swift in Sources */ = {isa = PBXBuildFile; fileRef = AC8412212088B1DE0086891C /* Signer.swift */; };
		AC8412232088B1DE0086891C /* Signer.swift in Sources */ = {isa = PBXBuildFile; fileRef = AC8412212088B1DE0086891C /* Signer.swift */; };
		AC8412242088B1DE0086891C /* Signer.swift in Sources */ = {isa = PBXBuildFile; fileRef = AC8412212088B1DE0086891C /* Signer.swift */; };
		AC8412252088B1DE0086891C /* Signer.swift in Sources */ = {isa = PBXBuildFile; fileRef = AC8412212088B1DE0086891C /* Signer.swift */; };
		ACA322F52087410200BDC92E /* Assets.xcassets in Resources */ = {isa = PBXBuildFile; fileRef = ACA322F42087410200BDC92E /* Assets.xcassets */; };
		ACA322F82087410200BDC92E /* LaunchScreen.storyboard in Resources */ = {isa = PBXBuildFile; fileRef = ACA322F62087410200BDC92E /* LaunchScreen.storyboard */; };
		ACA323032087410200BDC92E /* SweetTests.swift in Sources */ = {isa = PBXBuildFile; fileRef = ACA323022087410200BDC92E /* SweetTests.swift */; };
		ACA3230E2087410200BDC92E /* SweetUITests.swift in Sources */ = {isa = PBXBuildFile; fileRef = ACA3230D2087410200BDC92E /* SweetUITests.swift */; };
		ACA323212087411B00BDC92E /* LaunchScreen.storyboard in Resources */ = {isa = PBXBuildFile; fileRef = ACA322F62087410200BDC92E /* LaunchScreen.storyboard */; };
		ACA323222087411B00BDC92E /* Assets.xcassets in Resources */ = {isa = PBXBuildFile; fileRef = ACA322F42087410200BDC92E /* Assets.xcassets */; };
		ACA3234A2087497900BDC92E /* AppDelegate.swift in Sources */ = {isa = PBXBuildFile; fileRef = ACA323492087497900BDC92E /* AppDelegate.swift */; };
		ACA3234B2087497900BDC92E /* AppDelegate.swift in Sources */ = {isa = PBXBuildFile; fileRef = ACA323492087497900BDC92E /* AppDelegate.swift */; };
		ACA3234C2087497900BDC92E /* AppDelegate.swift in Sources */ = {isa = PBXBuildFile; fileRef = ACA323492087497900BDC92E /* AppDelegate.swift */; };
		ACA3234D2087497900BDC92E /* AppDelegate.swift in Sources */ = {isa = PBXBuildFile; fileRef = ACA323492087497900BDC92E /* AppDelegate.swift */; };
		ACA3234F2087498900BDC92E /* ApplicationCoordinator.swift in Sources */ = {isa = PBXBuildFile; fileRef = ACA3234E2087498900BDC92E /* ApplicationCoordinator.swift */; };
		ACA323502087498900BDC92E /* ApplicationCoordinator.swift in Sources */ = {isa = PBXBuildFile; fileRef = ACA3234E2087498900BDC92E /* ApplicationCoordinator.swift */; };
		ACA323512087498900BDC92E /* ApplicationCoordinator.swift in Sources */ = {isa = PBXBuildFile; fileRef = ACA3234E2087498900BDC92E /* ApplicationCoordinator.swift */; };
		ACA323522087498900BDC92E /* ApplicationCoordinator.swift in Sources */ = {isa = PBXBuildFile; fileRef = ACA3234E2087498900BDC92E /* ApplicationCoordinator.swift */; };
		ACA3235520874A2900BDC92E /* Coordinator.swift in Sources */ = {isa = PBXBuildFile; fileRef = ACA3235420874A2900BDC92E /* Coordinator.swift */; };
		ACA3235620874A2900BDC92E /* Coordinator.swift in Sources */ = {isa = PBXBuildFile; fileRef = ACA3235420874A2900BDC92E /* Coordinator.swift */; };
		ACA3235720874A2900BDC92E /* Coordinator.swift in Sources */ = {isa = PBXBuildFile; fileRef = ACA3235420874A2900BDC92E /* Coordinator.swift */; };
		ACA3235820874A2900BDC92E /* Coordinator.swift in Sources */ = {isa = PBXBuildFile; fileRef = ACA3235420874A2900BDC92E /* Coordinator.swift */; };
		ACA3235A20874A3C00BDC92E /* DeepLinkOption.swift in Sources */ = {isa = PBXBuildFile; fileRef = ACA3235920874A3C00BDC92E /* DeepLinkOption.swift */; };
		ACA3235B20874A3C00BDC92E /* DeepLinkOption.swift in Sources */ = {isa = PBXBuildFile; fileRef = ACA3235920874A3C00BDC92E /* DeepLinkOption.swift */; };
		ACA3235C20874A3C00BDC92E /* DeepLinkOption.swift in Sources */ = {isa = PBXBuildFile; fileRef = ACA3235920874A3C00BDC92E /* DeepLinkOption.swift */; };
		ACA3235D20874A3C00BDC92E /* DeepLinkOption.swift in Sources */ = {isa = PBXBuildFile; fileRef = ACA3235920874A3C00BDC92E /* DeepLinkOption.swift */; };
		ACA3236020875B4100BDC92E /* Array+isNotEmpty.swift in Sources */ = {isa = PBXBuildFile; fileRef = ACA3235F20875B4100BDC92E /* Array+isNotEmpty.swift */; };
		ACA3236120875B4100BDC92E /* Array+isNotEmpty.swift in Sources */ = {isa = PBXBuildFile; fileRef = ACA3235F20875B4100BDC92E /* Array+isNotEmpty.swift */; };
		ACA3236220875B4100BDC92E /* Array+isNotEmpty.swift in Sources */ = {isa = PBXBuildFile; fileRef = ACA3235F20875B4100BDC92E /* Array+isNotEmpty.swift */; };
		ACA3236320875B4100BDC92E /* Array+isNotEmpty.swift in Sources */ = {isa = PBXBuildFile; fileRef = ACA3235F20875B4100BDC92E /* Array+isNotEmpty.swift */; };
		ACA3236620875BD500BDC92E /* CoordinatorFactory.swift in Sources */ = {isa = PBXBuildFile; fileRef = ACA3236520875BD500BDC92E /* CoordinatorFactory.swift */; };
		ACA3236720875BD500BDC92E /* CoordinatorFactory.swift in Sources */ = {isa = PBXBuildFile; fileRef = ACA3236520875BD500BDC92E /* CoordinatorFactory.swift */; };
		ACA3236820875BD500BDC92E /* CoordinatorFactory.swift in Sources */ = {isa = PBXBuildFile; fileRef = ACA3236520875BD500BDC92E /* CoordinatorFactory.swift */; };
		ACA3236920875BD500BDC92E /* CoordinatorFactory.swift in Sources */ = {isa = PBXBuildFile; fileRef = ACA3236520875BD500BDC92E /* CoordinatorFactory.swift */; };
		ACA3236C20875C1700BDC92E /* Router.swift in Sources */ = {isa = PBXBuildFile; fileRef = ACA3236B20875C1700BDC92E /* Router.swift */; };
		ACA3236D20875C1700BDC92E /* Router.swift in Sources */ = {isa = PBXBuildFile; fileRef = ACA3236B20875C1700BDC92E /* Router.swift */; };
		ACA3236E20875C1700BDC92E /* Router.swift in Sources */ = {isa = PBXBuildFile; fileRef = ACA3236B20875C1700BDC92E /* Router.swift */; };
		ACA3236F20875C1700BDC92E /* Router.swift in Sources */ = {isa = PBXBuildFile; fileRef = ACA3236B20875C1700BDC92E /* Router.swift */; };
		ACA3237120875C2E00BDC92E /* Presentable.swift in Sources */ = {isa = PBXBuildFile; fileRef = ACA3237020875C2E00BDC92E /* Presentable.swift */; };
		ACA3237220875C2E00BDC92E /* Presentable.swift in Sources */ = {isa = PBXBuildFile; fileRef = ACA3237020875C2E00BDC92E /* Presentable.swift */; };
		ACA3237320875C2E00BDC92E /* Presentable.swift in Sources */ = {isa = PBXBuildFile; fileRef = ACA3237020875C2E00BDC92E /* Presentable.swift */; };
		ACA3237420875C2E00BDC92E /* Presentable.swift in Sources */ = {isa = PBXBuildFile; fileRef = ACA3237020875C2E00BDC92E /* Presentable.swift */; };
		ACA3237820875DA200BDC92E /* OnboardingCoordinator.swift in Sources */ = {isa = PBXBuildFile; fileRef = ACA3237720875DA200BDC92E /* OnboardingCoordinator.swift */; };
		ACA3237920875DA200BDC92E /* OnboardingCoordinator.swift in Sources */ = {isa = PBXBuildFile; fileRef = ACA3237720875DA200BDC92E /* OnboardingCoordinator.swift */; };
		ACA3237A20875DA200BDC92E /* OnboardingCoordinator.swift in Sources */ = {isa = PBXBuildFile; fileRef = ACA3237720875DA200BDC92E /* OnboardingCoordinator.swift */; };
		ACA3237B20875DA200BDC92E /* OnboardingCoordinator.swift in Sources */ = {isa = PBXBuildFile; fileRef = ACA3237720875DA200BDC92E /* OnboardingCoordinator.swift */; };
		ACA3237D20875E0F00BDC92E /* OnboardingFlowFactory.swift in Sources */ = {isa = PBXBuildFile; fileRef = ACA3237C20875E0F00BDC92E /* OnboardingFlowFactory.swift */; };
		ACA3237E20875E0F00BDC92E /* OnboardingFlowFactory.swift in Sources */ = {isa = PBXBuildFile; fileRef = ACA3237C20875E0F00BDC92E /* OnboardingFlowFactory.swift */; };
		ACA3237F20875E0F00BDC92E /* OnboardingFlowFactory.swift in Sources */ = {isa = PBXBuildFile; fileRef = ACA3237C20875E0F00BDC92E /* OnboardingFlowFactory.swift */; };
		ACA3238020875E0F00BDC92E /* OnboardingFlowFactory.swift in Sources */ = {isa = PBXBuildFile; fileRef = ACA3237C20875E0F00BDC92E /* OnboardingFlowFactory.swift */; };
		ACA3238220875E4400BDC92E /* BaseView.swift in Sources */ = {isa = PBXBuildFile; fileRef = ACA3238120875E4400BDC92E /* BaseView.swift */; };
		ACA3238320875E4400BDC92E /* BaseView.swift in Sources */ = {isa = PBXBuildFile; fileRef = ACA3238120875E4400BDC92E /* BaseView.swift */; };
		ACA3238420875E4400BDC92E /* BaseView.swift in Sources */ = {isa = PBXBuildFile; fileRef = ACA3238120875E4400BDC92E /* BaseView.swift */; };
		ACA3238520875E4400BDC92E /* BaseView.swift in Sources */ = {isa = PBXBuildFile; fileRef = ACA3238120875E4400BDC92E /* BaseView.swift */; };
		ACA3238820875E6300BDC92E /* OnboardingView.swift in Sources */ = {isa = PBXBuildFile; fileRef = ACA3238720875E6300BDC92E /* OnboardingView.swift */; };
		ACA3238920875E6300BDC92E /* OnboardingView.swift in Sources */ = {isa = PBXBuildFile; fileRef = ACA3238720875E6300BDC92E /* OnboardingView.swift */; };
		ACA3238A20875E6300BDC92E /* OnboardingView.swift in Sources */ = {isa = PBXBuildFile; fileRef = ACA3238720875E6300BDC92E /* OnboardingView.swift */; };
		ACA3238B20875E6300BDC92E /* OnboardingView.swift in Sources */ = {isa = PBXBuildFile; fileRef = ACA3238720875E6300BDC92E /* OnboardingView.swift */; };
		ACA3238D20875F0800BDC92E /* OnboardingController.swift in Sources */ = {isa = PBXBuildFile; fileRef = ACA3238C20875F0800BDC92E /* OnboardingController.swift */; };
		ACA3238E20875F0800BDC92E /* OnboardingController.swift in Sources */ = {isa = PBXBuildFile; fileRef = ACA3238C20875F0800BDC92E /* OnboardingController.swift */; };
		ACA3238F20875F0800BDC92E /* OnboardingController.swift in Sources */ = {isa = PBXBuildFile; fileRef = ACA3238C20875F0800BDC92E /* OnboardingController.swift */; };
		ACA3239020875F0800BDC92E /* OnboardingController.swift in Sources */ = {isa = PBXBuildFile; fileRef = ACA3238C20875F0800BDC92E /* OnboardingController.swift */; };
		ACA3239220875FB100BDC92E /* UIView+Layout.swift in Sources */ = {isa = PBXBuildFile; fileRef = ACA3239120875FB100BDC92E /* UIView+Layout.swift */; };
		ACA3239320875FB100BDC92E /* UIView+Layout.swift in Sources */ = {isa = PBXBuildFile; fileRef = ACA3239120875FB100BDC92E /* UIView+Layout.swift */; };
		ACA3239420875FB100BDC92E /* UIView+Layout.swift in Sources */ = {isa = PBXBuildFile; fileRef = ACA3239120875FB100BDC92E /* UIView+Layout.swift */; };
		ACA3239520875FB100BDC92E /* UIView+Layout.swift in Sources */ = {isa = PBXBuildFile; fileRef = ACA3239120875FB100BDC92E /* UIView+Layout.swift */; };
		ACA323972087608500BDC92E /* RouterImp.swift in Sources */ = {isa = PBXBuildFile; fileRef = ACA323962087608500BDC92E /* RouterImp.swift */; };
		ACA323982087608500BDC92E /* RouterImp.swift in Sources */ = {isa = PBXBuildFile; fileRef = ACA323962087608500BDC92E /* RouterImp.swift */; };
		ACA323992087608500BDC92E /* RouterImp.swift in Sources */ = {isa = PBXBuildFile; fileRef = ACA323962087608500BDC92E /* RouterImp.swift */; };
		ACA3239A2087608500BDC92E /* RouterImp.swift in Sources */ = {isa = PBXBuildFile; fileRef = ACA323962087608500BDC92E /* RouterImp.swift */; };
		ACA3239D2087621700BDC92E /* CoordinatorFactoryImp.swift in Sources */ = {isa = PBXBuildFile; fileRef = ACA3239C2087621700BDC92E /* CoordinatorFactoryImp.swift */; };
		ACA3239E2087621700BDC92E /* CoordinatorFactoryImp.swift in Sources */ = {isa = PBXBuildFile; fileRef = ACA3239C2087621700BDC92E /* CoordinatorFactoryImp.swift */; };
		ACA3239F2087621700BDC92E /* CoordinatorFactoryImp.swift in Sources */ = {isa = PBXBuildFile; fileRef = ACA3239C2087621700BDC92E /* CoordinatorFactoryImp.swift */; };
		ACA323A02087621700BDC92E /* CoordinatorFactoryImp.swift in Sources */ = {isa = PBXBuildFile; fileRef = ACA3239C2087621700BDC92E /* CoordinatorFactoryImp.swift */; };
		ACA323A22087625100BDC92E /* FlowFactoryImp.swift in Sources */ = {isa = PBXBuildFile; fileRef = ACA323A12087625100BDC92E /* FlowFactoryImp.swift */; };
		ACA323A32087625100BDC92E /* FlowFactoryImp.swift in Sources */ = {isa = PBXBuildFile; fileRef = ACA323A12087625100BDC92E /* FlowFactoryImp.swift */; };
		ACA323A42087625100BDC92E /* FlowFactoryImp.swift in Sources */ = {isa = PBXBuildFile; fileRef = ACA323A12087625100BDC92E /* FlowFactoryImp.swift */; };
		ACA323A52087625100BDC92E /* FlowFactoryImp.swift in Sources */ = {isa = PBXBuildFile; fileRef = ACA323A12087625100BDC92E /* FlowFactoryImp.swift */; };
		ACA323A7208763AA00BDC92E /* BaseViewController.swift in Sources */ = {isa = PBXBuildFile; fileRef = ACA323A6208763AA00BDC92E /* BaseViewController.swift */; };
		ACA323A8208763AA00BDC92E /* BaseViewController.swift in Sources */ = {isa = PBXBuildFile; fileRef = ACA323A6208763AA00BDC92E /* BaseViewController.swift */; };
		ACA323A9208763AA00BDC92E /* BaseViewController.swift in Sources */ = {isa = PBXBuildFile; fileRef = ACA323A6208763AA00BDC92E /* BaseViewController.swift */; };
		ACA323AA208763AA00BDC92E /* BaseViewController.swift in Sources */ = {isa = PBXBuildFile; fileRef = ACA323A6208763AA00BDC92E /* BaseViewController.swift */; };
		ACA323AD208763D900BDC92E /* Logger.swift in Sources */ = {isa = PBXBuildFile; fileRef = ACA323AC208763D900BDC92E /* Logger.swift */; };
		ACA323AE208763D900BDC92E /* Logger.swift in Sources */ = {isa = PBXBuildFile; fileRef = ACA323AC208763D900BDC92E /* Logger.swift */; };
		ACA323AF208763D900BDC92E /* Logger.swift in Sources */ = {isa = PBXBuildFile; fileRef = ACA323AC208763D900BDC92E /* Logger.swift */; };
		ACA323B0208763D900BDC92E /* Logger.swift in Sources */ = {isa = PBXBuildFile; fileRef = ACA323AC208763D900BDC92E /* Logger.swift */; };
		ACD5A52620886C7C00B78CFD /* WebProvider.swift in Sources */ = {isa = PBXBuildFile; fileRef = ACD5A52520886C7C00B78CFD /* WebProvider.swift */; };
		ACD5A52720886C7C00B78CFD /* WebProvider.swift in Sources */ = {isa = PBXBuildFile; fileRef = ACD5A52520886C7C00B78CFD /* WebProvider.swift */; };
		ACD5A52820886C7C00B78CFD /* WebProvider.swift in Sources */ = {isa = PBXBuildFile; fileRef = ACD5A52520886C7C00B78CFD /* WebProvider.swift */; };
		ACD5A52920886C7C00B78CFD /* WebProvider.swift in Sources */ = {isa = PBXBuildFile; fileRef = ACD5A52520886C7C00B78CFD /* WebProvider.swift */; };
		ACD5A5302088731C00B78CFD /* String+MD5.swift in Sources */ = {isa = PBXBuildFile; fileRef = ACD5A52F2088731C00B78CFD /* String+MD5.swift */; };
		ACD5A5312088731C00B78CFD /* String+MD5.swift in Sources */ = {isa = PBXBuildFile; fileRef = ACD5A52F2088731C00B78CFD /* String+MD5.swift */; };
		ACD5A5322088731C00B78CFD /* String+MD5.swift in Sources */ = {isa = PBXBuildFile; fileRef = ACD5A52F2088731C00B78CFD /* String+MD5.swift */; };
		ACD5A5332088731C00B78CFD /* String+MD5.swift in Sources */ = {isa = PBXBuildFile; fileRef = ACD5A52F2088731C00B78CFD /* String+MD5.swift */; };
		ACF2DEAF2089C5ED00660425 /* LoginRequestBody.swift in Sources */ = {isa = PBXBuildFile; fileRef = ACF2DEAE2089C5ED00660425 /* LoginRequestBody.swift */; };
		ACF2DEB02089C5ED00660425 /* LoginRequestBody.swift in Sources */ = {isa = PBXBuildFile; fileRef = ACF2DEAE2089C5ED00660425 /* LoginRequestBody.swift */; };
		ACF2DEB12089C5ED00660425 /* LoginRequestBody.swift in Sources */ = {isa = PBXBuildFile; fileRef = ACF2DEAE2089C5ED00660425 /* LoginRequestBody.swift */; };
		ACF2DEB22089C5ED00660425 /* LoginRequestBody.swift in Sources */ = {isa = PBXBuildFile; fileRef = ACF2DEAE2089C5ED00660425 /* LoginRequestBody.swift */; };
		ACF2DEB42089C63100660425 /* Gender.swift in Sources */ = {isa = PBXBuildFile; fileRef = ACF2DEB32089C63100660425 /* Gender.swift */; };
		ACF2DEB52089C63100660425 /* Gender.swift in Sources */ = {isa = PBXBuildFile; fileRef = ACF2DEB32089C63100660425 /* Gender.swift */; };
		ACF2DEB62089C63100660425 /* Gender.swift in Sources */ = {isa = PBXBuildFile; fileRef = ACF2DEB32089C63100660425 /* Gender.swift */; };
		ACF2DEB72089C63100660425 /* Gender.swift in Sources */ = {isa = PBXBuildFile; fileRef = ACF2DEB32089C63100660425 /* Gender.swift */; };
		DF80169A86358114B4727C33 /* Pods_SweetUITests.framework in Frameworks */ = {isa = PBXBuildFile; fileRef = 228283EB6F84BFB0951930EC /* Pods_SweetUITests.framework */; };
/* End PBXBuildFile section */

/* Begin PBXContainerItemProxy section */
		ACA322FF2087410200BDC92E /* PBXContainerItemProxy */ = {
			isa = PBXContainerItemProxy;
			containerPortal = ACA322E22087410000BDC92E /* Project object */;
			proxyType = 1;
			remoteGlobalIDString = ACA322E92087410000BDC92E;
			remoteInfo = Sweet;
		};
		ACA3230A2087410200BDC92E /* PBXContainerItemProxy */ = {
			isa = PBXContainerItemProxy;
			containerPortal = ACA322E22087410000BDC92E /* Project object */;
			proxyType = 1;
			remoteGlobalIDString = ACA322E92087410000BDC92E;
			remoteInfo = Sweet;
		};
/* End PBXContainerItemProxy section */

/* Begin PBXFileReference section */
		0135478D65C69FE268B22C5F /* Pods_SweetTests.framework */ = {isa = PBXFileReference; explicitFileType = wrapper.framework; includeInIndex = 0; path = Pods_SweetTests.framework; sourceTree = BUILT_PRODUCTS_DIR; };
		055C25ED47324EF5A4093DFF /* Pods_Sweet.framework */ = {isa = PBXFileReference; explicitFileType = wrapper.framework; includeInIndex = 0; path = Pods_Sweet.framework; sourceTree = BUILT_PRODUCTS_DIR; };
		1230DFC4DCAC8AC4D11FEA56 /* Pods-Sweet.debug.xcconfig */ = {isa = PBXFileReference; includeInIndex = 1; lastKnownFileType = text.xcconfig; name = "Pods-Sweet.debug.xcconfig"; path = "Pods/Target Support Files/Pods-Sweet/Pods-Sweet.debug.xcconfig"; sourceTree = "<group>"; };
		1282931D8A64E3D56BFE5EC4 /* Pods-Sweet.release.xcconfig */ = {isa = PBXFileReference; includeInIndex = 1; lastKnownFileType = text.xcconfig; name = "Pods-Sweet.release.xcconfig"; path = "Pods/Target Support Files/Pods-Sweet/Pods-Sweet.release.xcconfig"; sourceTree = "<group>"; };
		228283EB6F84BFB0951930EC /* Pods_SweetUITests.framework */ = {isa = PBXFileReference; explicitFileType = wrapper.framework; includeInIndex = 0; path = Pods_SweetUITests.framework; sourceTree = BUILT_PRODUCTS_DIR; };
		2B725F6E27BDDE57CD16E6B2 /* Pods-SweetTests.debug.xcconfig */ = {isa = PBXFileReference; includeInIndex = 1; lastKnownFileType = text.xcconfig; name = "Pods-SweetTests.debug.xcconfig"; path = "Pods/Target Support Files/Pods-SweetTests/Pods-SweetTests.debug.xcconfig"; sourceTree = "<group>"; };
		39B6E2AFAF5DF0EBCDB0F439 /* Pods-SweetTests.release.xcconfig */ = {isa = PBXFileReference; includeInIndex = 1; lastKnownFileType = text.xcconfig; name = "Pods-SweetTests.release.xcconfig"; path = "Pods/Target Support Files/Pods-SweetTests/Pods-SweetTests.release.xcconfig"; sourceTree = "<group>"; };
		4FF84DB9CCEBB7F0B8F859CF /* Pods-Sweet-Sweet Dev.release.xcconfig */ = {isa = PBXFileReference; includeInIndex = 1; lastKnownFileType = text.xcconfig; name = "Pods-Sweet-Sweet Dev.release.xcconfig"; path = "Pods/Target Support Files/Pods-Sweet-Sweet Dev/Pods-Sweet-Sweet Dev.release.xcconfig"; sourceTree = "<group>"; };
		A48B6C5F41AA87BE9A227F26 /* Pods-Sweet-Sweet Dev.debug.xcconfig */ = {isa = PBXFileReference; includeInIndex = 1; lastKnownFileType = text.xcconfig; name = "Pods-Sweet-Sweet Dev.debug.xcconfig"; path = "Pods/Target Support Files/Pods-Sweet-Sweet Dev/Pods-Sweet-Sweet Dev.debug.xcconfig"; sourceTree = "<group>"; };
		AC84120D20887C800086891C /* UIDevice+DeviceType.swift */ = {isa = PBXFileReference; lastKnownFileType = sourcecode.swift; path = "UIDevice+DeviceType.swift"; sourceTree = "<group>"; };
		AC841212208881A40086891C /* AuthPlugin.swift */ = {isa = PBXFileReference; lastKnownFileType = sourcecode.swift; path = AuthPlugin.swift; sourceTree = "<group>"; };
		AC8412172088828E0086891C /* WebAPI.swift */ = {isa = PBXFileReference; lastKnownFileType = sourcecode.swift; path = WebAPI.swift; sourceTree = "<group>"; };
		AC84121C2088B0E60086891C /* SignPlugin.swift */ = {isa = PBXFileReference; lastKnownFileType = sourcecode.swift; path = SignPlugin.swift; sourceTree = "<group>"; };
		AC8412212088B1DE0086891C /* Signer.swift */ = {isa = PBXFileReference; lastKnownFileType = sourcecode.swift; path = Signer.swift; sourceTree = "<group>"; };
		ACA322EA2087410000BDC92E /* Sweet.app */ = {isa = PBXFileReference; explicitFileType = wrapper.application; includeInIndex = 0; path = Sweet.app; sourceTree = BUILT_PRODUCTS_DIR; };
		ACA322F42087410200BDC92E /* Assets.xcassets */ = {isa = PBXFileReference; lastKnownFileType = folder.assetcatalog; path = Assets.xcassets; sourceTree = "<group>"; };
		ACA322F72087410200BDC92E /* Base */ = {isa = PBXFileReference; lastKnownFileType = file.storyboard; name = Base; path = Base.lproj/LaunchScreen.storyboard; sourceTree = "<group>"; };
		ACA322F92087410200BDC92E /* Info.plist */ = {isa = PBXFileReference; lastKnownFileType = text.plist.xml; path = Info.plist; sourceTree = "<group>"; };
		ACA322FE2087410200BDC92E /* SweetTests.xctest */ = {isa = PBXFileReference; explicitFileType = wrapper.cfbundle; includeInIndex = 0; path = SweetTests.xctest; sourceTree = BUILT_PRODUCTS_DIR; };
		ACA323022087410200BDC92E /* SweetTests.swift */ = {isa = PBXFileReference; lastKnownFileType = sourcecode.swift; path = SweetTests.swift; sourceTree = "<group>"; };
		ACA323042087410200BDC92E /* Info.plist */ = {isa = PBXFileReference; lastKnownFileType = text.plist.xml; path = Info.plist; sourceTree = "<group>"; };
		ACA323092087410200BDC92E /* SweetUITests.xctest */ = {isa = PBXFileReference; explicitFileType = wrapper.cfbundle; includeInIndex = 0; path = SweetUITests.xctest; sourceTree = BUILT_PRODUCTS_DIR; };
		ACA3230D2087410200BDC92E /* SweetUITests.swift */ = {isa = PBXFileReference; lastKnownFileType = sourcecode.swift; path = SweetUITests.swift; sourceTree = "<group>"; };
		ACA3230F2087410200BDC92E /* Info.plist */ = {isa = PBXFileReference; lastKnownFileType = text.plist.xml; path = Info.plist; sourceTree = "<group>"; };
		ACA323272087411B00BDC92E /* Sweet Dev.app */ = {isa = PBXFileReference; explicitFileType = wrapper.application; includeInIndex = 0; path = "Sweet Dev.app"; sourceTree = BUILT_PRODUCTS_DIR; };
		ACA323292087416500BDC92E /* Sweet Dev-Info.plist */ = {isa = PBXFileReference; lastKnownFileType = text.plist.xml; path = "Sweet Dev-Info.plist"; sourceTree = "<group>"; };
		ACA323492087497900BDC92E /* AppDelegate.swift */ = {isa = PBXFileReference; fileEncoding = 4; lastKnownFileType = sourcecode.swift; path = AppDelegate.swift; sourceTree = "<group>"; };
		ACA3234E2087498900BDC92E /* ApplicationCoordinator.swift */ = {isa = PBXFileReference; lastKnownFileType = sourcecode.swift; path = ApplicationCoordinator.swift; sourceTree = "<group>"; };
		ACA3235420874A2900BDC92E /* Coordinator.swift */ = {isa = PBXFileReference; lastKnownFileType = sourcecode.swift; path = Coordinator.swift; sourceTree = "<group>"; };
		ACA3235920874A3C00BDC92E /* DeepLinkOption.swift */ = {isa = PBXFileReference; lastKnownFileType = sourcecode.swift; path = DeepLinkOption.swift; sourceTree = "<group>"; };
		ACA3235F20875B4100BDC92E /* Array+isNotEmpty.swift */ = {isa = PBXFileReference; lastKnownFileType = sourcecode.swift; path = "Array+isNotEmpty.swift"; sourceTree = "<group>"; };
		ACA3236520875BD500BDC92E /* CoordinatorFactory.swift */ = {isa = PBXFileReference; lastKnownFileType = sourcecode.swift; path = CoordinatorFactory.swift; sourceTree = "<group>"; };
		ACA3236B20875C1700BDC92E /* Router.swift */ = {isa = PBXFileReference; lastKnownFileType = sourcecode.swift; path = Router.swift; sourceTree = "<group>"; };
		ACA3237020875C2E00BDC92E /* Presentable.swift */ = {isa = PBXFileReference; lastKnownFileType = sourcecode.swift; path = Presentable.swift; sourceTree = "<group>"; };
		ACA3237720875DA200BDC92E /* OnboardingCoordinator.swift */ = {isa = PBXFileReference; lastKnownFileType = sourcecode.swift; path = OnboardingCoordinator.swift; sourceTree = "<group>"; };
		ACA3237C20875E0F00BDC92E /* OnboardingFlowFactory.swift */ = {isa = PBXFileReference; lastKnownFileType = sourcecode.swift; path = OnboardingFlowFactory.swift; sourceTree = "<group>"; };
		ACA3238120875E4400BDC92E /* BaseView.swift */ = {isa = PBXFileReference; lastKnownFileType = sourcecode.swift; path = BaseView.swift; sourceTree = "<group>"; };
		ACA3238720875E6300BDC92E /* OnboardingView.swift */ = {isa = PBXFileReference; lastKnownFileType = sourcecode.swift; path = OnboardingView.swift; sourceTree = "<group>"; };
		ACA3238C20875F0800BDC92E /* OnboardingController.swift */ = {isa = PBXFileReference; lastKnownFileType = sourcecode.swift; path = OnboardingController.swift; sourceTree = "<group>"; };
		ACA3239120875FB100BDC92E /* UIView+Layout.swift */ = {isa = PBXFileReference; lastKnownFileType = sourcecode.swift; path = "UIView+Layout.swift"; sourceTree = "<group>"; };
		ACA323962087608500BDC92E /* RouterImp.swift */ = {isa = PBXFileReference; lastKnownFileType = sourcecode.swift; path = RouterImp.swift; sourceTree = "<group>"; };
		ACA3239C2087621700BDC92E /* CoordinatorFactoryImp.swift */ = {isa = PBXFileReference; lastKnownFileType = sourcecode.swift; path = CoordinatorFactoryImp.swift; sourceTree = "<group>"; };
		ACA323A12087625100BDC92E /* FlowFactoryImp.swift */ = {isa = PBXFileReference; lastKnownFileType = sourcecode.swift; path = FlowFactoryImp.swift; sourceTree = "<group>"; };
		ACA323A6208763AA00BDC92E /* BaseViewController.swift */ = {isa = PBXFileReference; lastKnownFileType = sourcecode.swift; path = BaseViewController.swift; sourceTree = "<group>"; };
		ACA323AC208763D900BDC92E /* Logger.swift */ = {isa = PBXFileReference; lastKnownFileType = sourcecode.swift; path = Logger.swift; sourceTree = "<group>"; };
		ACD5A52520886C7C00B78CFD /* WebProvider.swift */ = {isa = PBXFileReference; lastKnownFileType = sourcecode.swift; path = WebProvider.swift; sourceTree = "<group>"; };
		ACD5A52F2088731C00B78CFD /* String+MD5.swift */ = {isa = PBXFileReference; lastKnownFileType = sourcecode.swift; path = "String+MD5.swift"; sourceTree = "<group>"; };
		ACD5A5342088737A00B78CFD /* Sweet-Bridging-Header.h */ = {isa = PBXFileReference; lastKnownFileType = sourcecode.c.h; path = "Sweet-Bridging-Header.h"; sourceTree = "<group>"; };
		ACD5A5352088737A00B78CFD /* Sweet Dev-Bridging-Header.h */ = {isa = PBXFileReference; lastKnownFileType = sourcecode.c.h; path = "Sweet Dev-Bridging-Header.h"; sourceTree = "<group>"; };
		ACD5A5362088737A00B78CFD /* SweetTests-Bridging-Header.h */ = {isa = PBXFileReference; lastKnownFileType = sourcecode.c.h; path = "SweetTests-Bridging-Header.h"; sourceTree = "<group>"; };
		ACD5A5372088737A00B78CFD /* SweetUITests-Bridging-Header.h */ = {isa = PBXFileReference; lastKnownFileType = sourcecode.c.h; path = "SweetUITests-Bridging-Header.h"; sourceTree = "<group>"; };
		ACF2DEAE2089C5ED00660425 /* LoginRequestBody.swift */ = {isa = PBXFileReference; lastKnownFileType = sourcecode.swift; path = LoginRequestBody.swift; sourceTree = "<group>"; };
		ACF2DEB32089C63100660425 /* Gender.swift */ = {isa = PBXFileReference; lastKnownFileType = sourcecode.swift; path = Gender.swift; sourceTree = "<group>"; };
		B0AACD15BE8117636303EBAF /* Pods-SweetUITests.debug.xcconfig */ = {isa = PBXFileReference; includeInIndex = 1; lastKnownFileType = text.xcconfig; name = "Pods-SweetUITests.debug.xcconfig"; path = "Pods/Target Support Files/Pods-SweetUITests/Pods-SweetUITests.debug.xcconfig"; sourceTree = "<group>"; };
		B5AE4C7FC4FD9137B3A1E789 /* Pods-SweetUITests.release.xcconfig */ = {isa = PBXFileReference; includeInIndex = 1; lastKnownFileType = text.xcconfig; name = "Pods-SweetUITests.release.xcconfig"; path = "Pods/Target Support Files/Pods-SweetUITests/Pods-SweetUITests.release.xcconfig"; sourceTree = "<group>"; };
		CF7FABAE404A84982E3AD848 /* Pods_Sweet_Sweet_Dev.framework */ = {isa = PBXFileReference; explicitFileType = wrapper.framework; includeInIndex = 0; path = Pods_Sweet_Sweet_Dev.framework; sourceTree = BUILT_PRODUCTS_DIR; };
/* End PBXFileReference section */

/* Begin PBXFrameworksBuildPhase section */
		ACA322E72087410000BDC92E /* Frameworks */ = {
			isa = PBXFrameworksBuildPhase;
			buildActionMask = 2147483647;
			files = (
				7E630635BB65B171A8F45009 /* Pods_Sweet.framework in Frameworks */,
			);
			runOnlyForDeploymentPostprocessing = 0;
		};
		ACA322FB2087410200BDC92E /* Frameworks */ = {
			isa = PBXFrameworksBuildPhase;
			buildActionMask = 2147483647;
			files = (
				23562495F56AEB699EAC4653 /* Pods_SweetTests.framework in Frameworks */,
			);
			runOnlyForDeploymentPostprocessing = 0;
		};
		ACA323062087410200BDC92E /* Frameworks */ = {
			isa = PBXFrameworksBuildPhase;
			buildActionMask = 2147483647;
			files = (
				DF80169A86358114B4727C33 /* Pods_SweetUITests.framework in Frameworks */,
			);
			runOnlyForDeploymentPostprocessing = 0;
		};
		ACA3231F2087411B00BDC92E /* Frameworks */ = {
			isa = PBXFrameworksBuildPhase;
			buildActionMask = 2147483647;
			files = (
				2C4A2107023F0E35905AF719 /* Pods_Sweet_Sweet_Dev.framework in Frameworks */,
			);
			runOnlyForDeploymentPostprocessing = 0;
		};
/* End PBXFrameworksBuildPhase section */

/* Begin PBXGroup section */
		7F8036DAF360EED22D2BEB53 /* Frameworks */ = {
			isa = PBXGroup;
			children = (
				055C25ED47324EF5A4093DFF /* Pods_Sweet.framework */,
				CF7FABAE404A84982E3AD848 /* Pods_Sweet_Sweet_Dev.framework */,
				0135478D65C69FE268B22C5F /* Pods_SweetTests.framework */,
				228283EB6F84BFB0951930EC /* Pods_SweetUITests.framework */,
			);
			name = Frameworks;
			sourceTree = "<group>";
		};
		ACA322E12087410000BDC92E = {
			isa = PBXGroup;
			children = (
				ACA322EC2087410000BDC92E /* Sweet */,
				ACA323012087410200BDC92E /* SweetTests */,
				ACA3230C2087410200BDC92E /* SweetUITests */,
				ACA322EB2087410000BDC92E /* Products */,
				E1F1A8AFAF64592C032DDD1C /* Pods */,
				7F8036DAF360EED22D2BEB53 /* Frameworks */,
				ACD5A5342088737A00B78CFD /* Sweet-Bridging-Header.h */,
				ACD5A5352088737A00B78CFD /* Sweet Dev-Bridging-Header.h */,
				ACD5A5362088737A00B78CFD /* SweetTests-Bridging-Header.h */,
				ACD5A5372088737A00B78CFD /* SweetUITests-Bridging-Header.h */,
			);
			sourceTree = "<group>";
		};
		ACA322EB2087410000BDC92E /* Products */ = {
			isa = PBXGroup;
			children = (
				ACA322EA2087410000BDC92E /* Sweet.app */,
				ACA322FE2087410200BDC92E /* SweetTests.xctest */,
				ACA323092087410200BDC92E /* SweetUITests.xctest */,
				ACA323272087411B00BDC92E /* Sweet Dev.app */,
			);
			name = Products;
			sourceTree = "<group>";
		};
		ACA322EC2087410000BDC92E /* Sweet */ = {
			isa = PBXGroup;
			children = (
				ACD5A52420886C6600B78CFD /* Network */,
				ACA323482087496800BDC92E /* Application */,
				ACA3237520875D8C00BDC92E /* Flows */,
				ACA3236A20875C0E00BDC92E /* Router */,
				ACA3236420875BC900BDC92E /* Factories */,
				ACA3235320874A1B00BDC92E /* Protocols */,
				ACA32330208747D400BDC92E /* Controllers */,
				ACA32333208747D400BDC92E /* Models */,
				ACA3235E20875AD500BDC92E /* Extensions */,
				ACA323AB208763CD00BDC92E /* Utils */,
				ACA322F42087410200BDC92E /* Assets.xcassets */,
				ACA322F62087410200BDC92E /* LaunchScreen.storyboard */,
				ACA322F92087410200BDC92E /* Info.plist */,
				ACA323292087416500BDC92E /* Sweet Dev-Info.plist */,
			);
			path = Sweet;
			sourceTree = "<group>";
		};
		ACA323012087410200BDC92E /* SweetTests */ = {
			isa = PBXGroup;
			children = (
				ACA323022087410200BDC92E /* SweetTests.swift */,
				ACA323042087410200BDC92E /* Info.plist */,
			);
			path = SweetTests;
			sourceTree = "<group>";
		};
		ACA3230C2087410200BDC92E /* SweetUITests */ = {
			isa = PBXGroup;
			children = (
				ACA3230D2087410200BDC92E /* SweetUITests.swift */,
				ACA3230F2087410200BDC92E /* Info.plist */,
			);
			path = SweetUITests;
			sourceTree = "<group>";
		};
		ACA32330208747D400BDC92E /* Controllers */ = {
			isa = PBXGroup;
			children = (
				ACA323A6208763AA00BDC92E /* BaseViewController.swift */,
			);
			path = Controllers;
			sourceTree = "<group>";
		};
		ACA32333208747D400BDC92E /* Models */ = {
			isa = PBXGroup;
			children = (
			);
			path = Models;
			sourceTree = "<group>";
		};
		ACA323482087496800BDC92E /* Application */ = {
			isa = PBXGroup;
			children = (
				ACA323492087497900BDC92E /* AppDelegate.swift */,
				ACA3234E2087498900BDC92E /* ApplicationCoordinator.swift */,
			);
			path = Application;
			sourceTree = "<group>";
		};
		ACA3235320874A1B00BDC92E /* Protocols */ = {
			isa = PBXGroup;
			children = (
				ACA3235420874A2900BDC92E /* Coordinator.swift */,
				ACA3235920874A3C00BDC92E /* DeepLinkOption.swift */,
				ACA3237020875C2E00BDC92E /* Presentable.swift */,
				ACA3238120875E4400BDC92E /* BaseView.swift */,
			);
			path = Protocols;
			sourceTree = "<group>";
		};
		ACA3235E20875AD500BDC92E /* Extensions */ = {
			isa = PBXGroup;
			children = (
				ACA3235F20875B4100BDC92E /* Array+isNotEmpty.swift */,
				ACA3239120875FB100BDC92E /* UIView+Layout.swift */,
				ACD5A52F2088731C00B78CFD /* String+MD5.swift */,
				AC84120D20887C800086891C /* UIDevice+DeviceType.swift */,
			);
			path = Extensions;
			sourceTree = "<group>";
		};
		ACA3236420875BC900BDC92E /* Factories */ = {
			isa = PBXGroup;
			children = (
				ACA3239B208761F800BDC92E /* Implementations */,
				ACA3236520875BD500BDC92E /* CoordinatorFactory.swift */,
				ACA3237C20875E0F00BDC92E /* OnboardingFlowFactory.swift */,
			);
			path = Factories;
			sourceTree = "<group>";
		};
		ACA3236A20875C0E00BDC92E /* Router */ = {
			isa = PBXGroup;
			children = (
				ACA3236B20875C1700BDC92E /* Router.swift */,
				ACA323962087608500BDC92E /* RouterImp.swift */,
			);
			path = Router;
			sourceTree = "<group>";
		};
		ACA3237520875D8C00BDC92E /* Flows */ = {
			isa = PBXGroup;
			children = (
				ACA3237620875D9300BDC92E /* OnboardingFLow */,
			);
			path = Flows;
			sourceTree = "<group>";
		};
		ACA3237620875D9300BDC92E /* OnboardingFLow */ = {
			isa = PBXGroup;
			children = (
				ACA3237720875DA200BDC92E /* OnboardingCoordinator.swift */,
				ACA3238620875E5300BDC92E /* Controllers */,
			);
			path = OnboardingFLow;
			sourceTree = "<group>";
		};
		ACA3238620875E5300BDC92E /* Controllers */ = {
			isa = PBXGroup;
			children = (
				ACA3238720875E6300BDC92E /* OnboardingView.swift */,
				ACA3238C20875F0800BDC92E /* OnboardingController.swift */,
			);
			path = Controllers;
			sourceTree = "<group>";
		};
		ACA3239B208761F800BDC92E /* Implementations */ = {
			isa = PBXGroup;
			children = (
				ACA3239C2087621700BDC92E /* CoordinatorFactoryImp.swift */,
				ACA323A12087625100BDC92E /* FlowFactoryImp.swift */,
			);
			path = Implementations;
			sourceTree = "<group>";
		};
		ACA323AB208763CD00BDC92E /* Utils */ = {
			isa = PBXGroup;
			children = (
				ACA323AC208763D900BDC92E /* Logger.swift */,
			);
			path = Utils;
			sourceTree = "<group>";
		};
		ACD5A52420886C6600B78CFD /* Network */ = {
			isa = PBXGroup;
			children = (
				AC8412172088828E0086891C /* WebAPI.swift */,
				ACD5A52520886C7C00B78CFD /* WebProvider.swift */,
				AC841212208881A40086891C /* AuthPlugin.swift */,
				AC84121C2088B0E60086891C /* SignPlugin.swift */,
				AC8412212088B1DE0086891C /* Signer.swift */,
				ACF2DEAD2089C5C400660425 /* Models */,
			);
			path = Network;
			sourceTree = "<group>";
		};
		ACF2DEAD2089C5C400660425 /* Models */ = {
			isa = PBXGroup;
			children = (
				ACF2DEB32089C63100660425 /* Gender.swift */,
				ACF2DEAE2089C5ED00660425 /* LoginRequestBody.swift */,
			);
			path = Models;
			sourceTree = "<group>";
		};
		E1F1A8AFAF64592C032DDD1C /* Pods */ = {
			isa = PBXGroup;
			children = (
				1230DFC4DCAC8AC4D11FEA56 /* Pods-Sweet.debug.xcconfig */,
				1282931D8A64E3D56BFE5EC4 /* Pods-Sweet.release.xcconfig */,
				A48B6C5F41AA87BE9A227F26 /* Pods-Sweet-Sweet Dev.debug.xcconfig */,
				4FF84DB9CCEBB7F0B8F859CF /* Pods-Sweet-Sweet Dev.release.xcconfig */,
				2B725F6E27BDDE57CD16E6B2 /* Pods-SweetTests.debug.xcconfig */,
				39B6E2AFAF5DF0EBCDB0F439 /* Pods-SweetTests.release.xcconfig */,
				B0AACD15BE8117636303EBAF /* Pods-SweetUITests.debug.xcconfig */,
				B5AE4C7FC4FD9137B3A1E789 /* Pods-SweetUITests.release.xcconfig */,
			);
			name = Pods;
			sourceTree = "<group>";
		};
/* End PBXGroup section */

/* Begin PBXNativeTarget section */
		ACA322E92087410000BDC92E /* Sweet */ = {
			isa = PBXNativeTarget;
			buildConfigurationList = ACA323122087410200BDC92E /* Build configuration list for PBXNativeTarget "Sweet" */;
			buildPhases = (
				212333220A437F6148424827 /* [CP] Check Pods Manifest.lock */,
				ACA322E62087410000BDC92E /* Sources */,
				ACA322E72087410000BDC92E /* Frameworks */,
				ACA322E82087410000BDC92E /* Resources */,
				5A3544958C2A3E28C7ED2EE6 /* [CP] Embed Pods Frameworks */,
				ACA3232A208745A700BDC92E /* SwiftLint */,
				ACA3232E2087460500BDC92E /* Build Number */,
			);
			buildRules = (
			);
			dependencies = (
			);
			name = Sweet;
			productName = Sweet;
			productReference = ACA322EA2087410000BDC92E /* Sweet.app */;
			productType = "com.apple.product-type.application";
		};
		ACA322FD2087410200BDC92E /* SweetTests */ = {
			isa = PBXNativeTarget;
			buildConfigurationList = ACA323152087410200BDC92E /* Build configuration list for PBXNativeTarget "SweetTests" */;
			buildPhases = (
				9981450773CECFDE5BC40791 /* [CP] Check Pods Manifest.lock */,
				ACA322FA2087410200BDC92E /* Sources */,
				ACA322FB2087410200BDC92E /* Frameworks */,
				ACA322FC2087410200BDC92E /* Resources */,
			);
			buildRules = (
			);
			dependencies = (
				ACA323002087410200BDC92E /* PBXTargetDependency */,
			);
			name = SweetTests;
			productName = SweetTests;
			productReference = ACA322FE2087410200BDC92E /* SweetTests.xctest */;
			productType = "com.apple.product-type.bundle.unit-test";
		};
		ACA323082087410200BDC92E /* SweetUITests */ = {
			isa = PBXNativeTarget;
			buildConfigurationList = ACA323182087410200BDC92E /* Build configuration list for PBXNativeTarget "SweetUITests" */;
			buildPhases = (
				1FB210C3E8582CEC06AAE6E8 /* [CP] Check Pods Manifest.lock */,
				ACA323052087410200BDC92E /* Sources */,
				ACA323062087410200BDC92E /* Frameworks */,
				ACA323072087410200BDC92E /* Resources */,
			);
			buildRules = (
			);
			dependencies = (
				ACA3230B2087410200BDC92E /* PBXTargetDependency */,
			);
			name = SweetUITests;
			productName = SweetUITests;
			productReference = ACA323092087410200BDC92E /* SweetUITests.xctest */;
			productType = "com.apple.product-type.bundle.ui-testing";
		};
		ACA3231B2087411B00BDC92E /* Sweet Dev */ = {
			isa = PBXNativeTarget;
			buildConfigurationList = ACA323242087411B00BDC92E /* Build configuration list for PBXNativeTarget "Sweet Dev" */;
			buildPhases = (
				D5C47F18F0EEE0C3541FD8A2 /* [CP] Check Pods Manifest.lock */,
				ACA3231C2087411B00BDC92E /* Sources */,
				ACA3231F2087411B00BDC92E /* Frameworks */,
				ACA323202087411B00BDC92E /* Resources */,
				FA1AF2480345B1EFE0189AB7 /* [CP] Embed Pods Frameworks */,
				ACA3232B208745B800BDC92E /* SwiftLint */,
				ACA3232C208745C700BDC92E /* Build Number */,
			);
			buildRules = (
			);
			dependencies = (
			);
			name = "Sweet Dev";
			productName = Sweet;
			productReference = ACA323272087411B00BDC92E /* Sweet Dev.app */;
			productType = "com.apple.product-type.application";
		};
/* End PBXNativeTarget section */

/* Begin PBXProject section */
		ACA322E22087410000BDC92E /* Project object */ = {
			isa = PBXProject;
			attributes = {
				LastSwiftUpdateCheck = 0930;
				LastUpgradeCheck = 0930;
				ORGANIZATIONNAME = Miaozan;
				TargetAttributes = {
					ACA322E92087410000BDC92E = {
						CreatedOnToolsVersion = 9.3;
						LastSwiftMigration = 0930;
					};
					ACA322FD2087410200BDC92E = {
						CreatedOnToolsVersion = 9.3;
						LastSwiftMigration = 0930;
						TestTargetID = ACA322E92087410000BDC92E;
					};
					ACA323082087410200BDC92E = {
						CreatedOnToolsVersion = 9.3;
						LastSwiftMigration = 0930;
						TestTargetID = ACA322E92087410000BDC92E;
					};
					ACA3231B2087411B00BDC92E = {
						LastSwiftMigration = 0930;
					};
				};
			};
			buildConfigurationList = ACA322E52087410000BDC92E /* Build configuration list for PBXProject "Sweet" */;
			compatibilityVersion = "Xcode 9.3";
			developmentRegion = en;
			hasScannedForEncodings = 0;
			knownRegions = (
				en,
				Base,
			);
			mainGroup = ACA322E12087410000BDC92E;
			productRefGroup = ACA322EB2087410000BDC92E /* Products */;
			projectDirPath = "";
			projectRoot = "";
			targets = (
				ACA322E92087410000BDC92E /* Sweet */,
				ACA3231B2087411B00BDC92E /* Sweet Dev */,
				ACA322FD2087410200BDC92E /* SweetTests */,
				ACA323082087410200BDC92E /* SweetUITests */,
			);
		};
/* End PBXProject section */

/* Begin PBXResourcesBuildPhase section */
		ACA322E82087410000BDC92E /* Resources */ = {
			isa = PBXResourcesBuildPhase;
			buildActionMask = 2147483647;
			files = (
				ACA322F82087410200BDC92E /* LaunchScreen.storyboard in Resources */,
				ACA322F52087410200BDC92E /* Assets.xcassets in Resources */,
			);
			runOnlyForDeploymentPostprocessing = 0;
		};
		ACA322FC2087410200BDC92E /* Resources */ = {
			isa = PBXResourcesBuildPhase;
			buildActionMask = 2147483647;
			files = (
			);
			runOnlyForDeploymentPostprocessing = 0;
		};
		ACA323072087410200BDC92E /* Resources */ = {
			isa = PBXResourcesBuildPhase;
			buildActionMask = 2147483647;
			files = (
			);
			runOnlyForDeploymentPostprocessing = 0;
		};
		ACA323202087411B00BDC92E /* Resources */ = {
			isa = PBXResourcesBuildPhase;
			buildActionMask = 2147483647;
			files = (
				ACA323212087411B00BDC92E /* LaunchScreen.storyboard in Resources */,
				ACA323222087411B00BDC92E /* Assets.xcassets in Resources */,
			);
			runOnlyForDeploymentPostprocessing = 0;
		};
/* End PBXResourcesBuildPhase section */

/* Begin PBXShellScriptBuildPhase section */
		1FB210C3E8582CEC06AAE6E8 /* [CP] Check Pods Manifest.lock */ = {
			isa = PBXShellScriptBuildPhase;
			buildActionMask = 2147483647;
			files = (
			);
			inputPaths = (
				"${PODS_PODFILE_DIR_PATH}/Podfile.lock",
				"${PODS_ROOT}/Manifest.lock",
			);
			name = "[CP] Check Pods Manifest.lock";
			outputPaths = (
				"$(DERIVED_FILE_DIR)/Pods-SweetUITests-checkManifestLockResult.txt",
			);
			runOnlyForDeploymentPostprocessing = 0;
			shellPath = /bin/sh;
			shellScript = "diff \"${PODS_PODFILE_DIR_PATH}/Podfile.lock\" \"${PODS_ROOT}/Manifest.lock\" > /dev/null\nif [ $? != 0 ] ; then\n    # print error to STDERR\n    echo \"error: The sandbox is not in sync with the Podfile.lock. Run 'pod install' or update your CocoaPods installation.\" >&2\n    exit 1\nfi\n# This output is used by Xcode 'outputs' to avoid re-running this script phase.\necho \"SUCCESS\" > \"${SCRIPT_OUTPUT_FILE_0}\"\n";
			showEnvVarsInLog = 0;
		};
		212333220A437F6148424827 /* [CP] Check Pods Manifest.lock */ = {
			isa = PBXShellScriptBuildPhase;
			buildActionMask = 2147483647;
			files = (
			);
			inputPaths = (
				"${PODS_PODFILE_DIR_PATH}/Podfile.lock",
				"${PODS_ROOT}/Manifest.lock",
			);
			name = "[CP] Check Pods Manifest.lock";
			outputPaths = (
				"$(DERIVED_FILE_DIR)/Pods-Sweet-checkManifestLockResult.txt",
			);
			runOnlyForDeploymentPostprocessing = 0;
			shellPath = /bin/sh;
			shellScript = "diff \"${PODS_PODFILE_DIR_PATH}/Podfile.lock\" \"${PODS_ROOT}/Manifest.lock\" > /dev/null\nif [ $? != 0 ] ; then\n    # print error to STDERR\n    echo \"error: The sandbox is not in sync with the Podfile.lock. Run 'pod install' or update your CocoaPods installation.\" >&2\n    exit 1\nfi\n# This output is used by Xcode 'outputs' to avoid re-running this script phase.\necho \"SUCCESS\" > \"${SCRIPT_OUTPUT_FILE_0}\"\n";
			showEnvVarsInLog = 0;
		};
		5A3544958C2A3E28C7ED2EE6 /* [CP] Embed Pods Frameworks */ = {
			isa = PBXShellScriptBuildPhase;
			buildActionMask = 2147483647;
			files = (
			);
			inputPaths = (
				"${SRCROOT}/Pods/Target Support Files/Pods-Sweet/Pods-Sweet-frameworks.sh",
				"${BUILT_PRODUCTS_DIR}/Alamofire/Alamofire.framework",
				"${BUILT_PRODUCTS_DIR}/Moya/Moya.framework",
				"${BUILT_PRODUCTS_DIR}/Result/Result.framework",
				"${PODS_ROOT}/Reveal-SDK/RevealServer-13/iOS/RevealServer.framework",
			);
			name = "[CP] Embed Pods Frameworks";
			outputPaths = (
				"${TARGET_BUILD_DIR}/${FRAMEWORKS_FOLDER_PATH}/Alamofire.framework",
				"${TARGET_BUILD_DIR}/${FRAMEWORKS_FOLDER_PATH}/Moya.framework",
				"${TARGET_BUILD_DIR}/${FRAMEWORKS_FOLDER_PATH}/Result.framework",
				"${TARGET_BUILD_DIR}/${FRAMEWORKS_FOLDER_PATH}/RevealServer.framework",
			);
			runOnlyForDeploymentPostprocessing = 0;
			shellPath = /bin/sh;
			shellScript = "\"${SRCROOT}/Pods/Target Support Files/Pods-Sweet/Pods-Sweet-frameworks.sh\"\n";
			showEnvVarsInLog = 0;
		};
		9981450773CECFDE5BC40791 /* [CP] Check Pods Manifest.lock */ = {
			isa = PBXShellScriptBuildPhase;
			buildActionMask = 2147483647;
			files = (
			);
			inputPaths = (
				"${PODS_PODFILE_DIR_PATH}/Podfile.lock",
				"${PODS_ROOT}/Manifest.lock",
			);
			name = "[CP] Check Pods Manifest.lock";
			outputPaths = (
				"$(DERIVED_FILE_DIR)/Pods-SweetTests-checkManifestLockResult.txt",
			);
			runOnlyForDeploymentPostprocessing = 0;
			shellPath = /bin/sh;
			shellScript = "diff \"${PODS_PODFILE_DIR_PATH}/Podfile.lock\" \"${PODS_ROOT}/Manifest.lock\" > /dev/null\nif [ $? != 0 ] ; then\n    # print error to STDERR\n    echo \"error: The sandbox is not in sync with the Podfile.lock. Run 'pod install' or update your CocoaPods installation.\" >&2\n    exit 1\nfi\n# This output is used by Xcode 'outputs' to avoid re-running this script phase.\necho \"SUCCESS\" > \"${SCRIPT_OUTPUT_FILE_0}\"\n";
			showEnvVarsInLog = 0;
		};
		ACA3232A208745A700BDC92E /* SwiftLint */ = {
			isa = PBXShellScriptBuildPhase;
			buildActionMask = 2147483647;
			files = (
			);
			inputPaths = (
			);
			name = SwiftLint;
			outputPaths = (
			);
			runOnlyForDeploymentPostprocessing = 0;
			shellPath = /bin/sh;
			shellScript = "if which swiftlint >/dev/null; then\nswiftlint\nelse\necho \"warning: SwiftLint not installed, download from https://github.com/realm/SwiftLint\"\nfi";
		};
		ACA3232B208745B800BDC92E /* SwiftLint */ = {
			isa = PBXShellScriptBuildPhase;
			buildActionMask = 2147483647;
			files = (
			);
			inputPaths = (
			);
			name = SwiftLint;
			outputPaths = (
			);
			runOnlyForDeploymentPostprocessing = 0;
			shellPath = /bin/sh;
			shellScript = "if which swiftlint >/dev/null; then\nswiftlint\nelse\necho \"warning: SwiftLint not installed, download from https://github.com/realm/SwiftLint\"\nfi";
		};
		ACA3232C208745C700BDC92E /* Build Number */ = {
			isa = PBXShellScriptBuildPhase;
			buildActionMask = 2147483647;
			files = (
			);
			inputPaths = (
			);
			name = "Build Number";
			outputPaths = (
			);
			runOnlyForDeploymentPostprocessing = 0;
			shellPath = /bin/sh;
			shellScript = "cd \"${SRCROOT}/Scripts\" && sh \"./increase-build-number.sh\"";
		};
		ACA3232E2087460500BDC92E /* Build Number */ = {
			isa = PBXShellScriptBuildPhase;
			buildActionMask = 2147483647;
			files = (
			);
			inputPaths = (
			);
			name = "Build Number";
			outputPaths = (
			);
			runOnlyForDeploymentPostprocessing = 0;
			shellPath = /bin/sh;
			shellScript = "cd \"${SRCROOT}/Scripts\" && sh \"./increase-build-number.sh\"";
		};
		D5C47F18F0EEE0C3541FD8A2 /* [CP] Check Pods Manifest.lock */ = {
			isa = PBXShellScriptBuildPhase;
			buildActionMask = 2147483647;
			files = (
			);
			inputPaths = (
				"${PODS_PODFILE_DIR_PATH}/Podfile.lock",
				"${PODS_ROOT}/Manifest.lock",
			);
			name = "[CP] Check Pods Manifest.lock";
			outputPaths = (
				"$(DERIVED_FILE_DIR)/Pods-Sweet-Sweet Dev-checkManifestLockResult.txt",
			);
			runOnlyForDeploymentPostprocessing = 0;
			shellPath = /bin/sh;
			shellScript = "diff \"${PODS_PODFILE_DIR_PATH}/Podfile.lock\" \"${PODS_ROOT}/Manifest.lock\" > /dev/null\nif [ $? != 0 ] ; then\n    # print error to STDERR\n    echo \"error: The sandbox is not in sync with the Podfile.lock. Run 'pod install' or update your CocoaPods installation.\" >&2\n    exit 1\nfi\n# This output is used by Xcode 'outputs' to avoid re-running this script phase.\necho \"SUCCESS\" > \"${SCRIPT_OUTPUT_FILE_0}\"\n";
			showEnvVarsInLog = 0;
		};
		FA1AF2480345B1EFE0189AB7 /* [CP] Embed Pods Frameworks */ = {
			isa = PBXShellScriptBuildPhase;
			buildActionMask = 2147483647;
			files = (
			);
			inputPaths = (
				"${SRCROOT}/Pods/Target Support Files/Pods-Sweet-Sweet Dev/Pods-Sweet-Sweet Dev-frameworks.sh",
				"${BUILT_PRODUCTS_DIR}/Alamofire/Alamofire.framework",
				"${BUILT_PRODUCTS_DIR}/Moya/Moya.framework",
				"${BUILT_PRODUCTS_DIR}/Result/Result.framework",
				"${PODS_ROOT}/Reveal-SDK/RevealServer-13/iOS/RevealServer.framework",
			);
			name = "[CP] Embed Pods Frameworks";
			outputPaths = (
				"${TARGET_BUILD_DIR}/${FRAMEWORKS_FOLDER_PATH}/Alamofire.framework",
				"${TARGET_BUILD_DIR}/${FRAMEWORKS_FOLDER_PATH}/Moya.framework",
				"${TARGET_BUILD_DIR}/${FRAMEWORKS_FOLDER_PATH}/Result.framework",
				"${TARGET_BUILD_DIR}/${FRAMEWORKS_FOLDER_PATH}/RevealServer.framework",
			);
			runOnlyForDeploymentPostprocessing = 0;
			shellPath = /bin/sh;
			shellScript = "\"${SRCROOT}/Pods/Target Support Files/Pods-Sweet-Sweet Dev/Pods-Sweet-Sweet Dev-frameworks.sh\"\n";
			showEnvVarsInLog = 0;
		};
/* End PBXShellScriptBuildPhase section */

/* Begin PBXSourcesBuildPhase section */
		ACA322E62087410000BDC92E /* Sources */ = {
			isa = PBXSourcesBuildPhase;
			buildActionMask = 2147483647;
			files = (
				ACF2DEAF2089C5ED00660425 /* LoginRequestBody.swift in Sources */,
				ACA323AD208763D900BDC92E /* Logger.swift in Sources */,
				AC8412222088B1DE0086891C /* Signer.swift in Sources */,
				ACA3235A20874A3C00BDC92E /* DeepLinkOption.swift in Sources */,
				ACA3237120875C2E00BDC92E /* Presentable.swift in Sources */,
				ACA3236020875B4100BDC92E /* Array+isNotEmpty.swift in Sources */,
				AC8412182088828E0086891C /* WebAPI.swift in Sources */,
				ACA323A22087625100BDC92E /* FlowFactoryImp.swift in Sources */,
				ACA323972087608500BDC92E /* RouterImp.swift in Sources */,
				AC84120E20887C800086891C /* UIDevice+DeviceType.swift in Sources */,
				ACA323A7208763AA00BDC92E /* BaseViewController.swift in Sources */,
				ACA3234A2087497900BDC92E /* AppDelegate.swift in Sources */,
				ACA3237820875DA200BDC92E /* OnboardingCoordinator.swift in Sources */,
				ACA3236C20875C1700BDC92E /* Router.swift in Sources */,
				ACA3238D20875F0800BDC92E /* OnboardingController.swift in Sources */,
				ACA3239D2087621700BDC92E /* CoordinatorFactoryImp.swift in Sources */,
				ACD5A5302088731C00B78CFD /* String+MD5.swift in Sources */,
				ACA3236620875BD500BDC92E /* CoordinatorFactory.swift in Sources */,
				ACA3237D20875E0F00BDC92E /* OnboardingFlowFactory.swift in Sources */,
				ACA3234F2087498900BDC92E /* ApplicationCoordinator.swift in Sources */,
				ACF2DEB42089C63100660425 /* Gender.swift in Sources */,
				AC84121D2088B0E60086891C /* SignPlugin.swift in Sources */,
				ACA3238820875E6300BDC92E /* OnboardingView.swift in Sources */,
				ACA3238220875E4400BDC92E /* BaseView.swift in Sources */,
				AC841213208881A40086891C /* AuthPlugin.swift in Sources */,
				ACA3239220875FB100BDC92E /* UIView+Layout.swift in Sources */,
				ACD5A52620886C7C00B78CFD /* WebProvider.swift in Sources */,
				ACA3235520874A2900BDC92E /* Coordinator.swift in Sources */,
			);
			runOnlyForDeploymentPostprocessing = 0;
		};
		ACA322FA2087410200BDC92E /* Sources */ = {
			isa = PBXSourcesBuildPhase;
			buildActionMask = 2147483647;
			files = (
				ACA3239F2087621700BDC92E /* CoordinatorFactoryImp.swift in Sources */,
				ACA3236E20875C1700BDC92E /* Router.swift in Sources */,
				ACA323992087608500BDC92E /* RouterImp.swift in Sources */,
				ACA323A42087625100BDC92E /* FlowFactoryImp.swift in Sources */,
				ACA323A9208763AA00BDC92E /* BaseViewController.swift in Sources */,
				AC84121F2088B0E60086891C /* SignPlugin.swift in Sources */,
				ACF2DEB62089C63100660425 /* Gender.swift in Sources */,
				AC8412242088B1DE0086891C /* Signer.swift in Sources */,
				ACA3235720874A2900BDC92E /* Coordinator.swift in Sources */,
				ACA3236220875B4100BDC92E /* Array+isNotEmpty.swift in Sources */,
				ACA3238420875E4400BDC92E /* BaseView.swift in Sources */,
				ACA3237F20875E0F00BDC92E /* OnboardingFlowFactory.swift in Sources */,
				ACD5A52820886C7C00B78CFD /* WebProvider.swift in Sources */,
				AC84121A2088828E0086891C /* WebAPI.swift in Sources */,
				ACA3236820875BD500BDC92E /* CoordinatorFactory.swift in Sources */,
				ACA3234C2087497900BDC92E /* AppDelegate.swift in Sources */,
				ACA323032087410200BDC92E /* SweetTests.swift in Sources */,
				AC841215208881A40086891C /* AuthPlugin.swift in Sources */,
				ACA3235C20874A3C00BDC92E /* DeepLinkOption.swift in Sources */,
				AC84121020887C800086891C /* UIDevice+DeviceType.swift in Sources */,
				ACF2DEB12089C5ED00660425 /* LoginRequestBody.swift in Sources */,
				ACA323512087498900BDC92E /* ApplicationCoordinator.swift in Sources */,
				ACA3238F20875F0800BDC92E /* OnboardingController.swift in Sources */,
				ACA323AF208763D900BDC92E /* Logger.swift in Sources */,
				ACA3237320875C2E00BDC92E /* Presentable.swift in Sources */,
				ACA3238A20875E6300BDC92E /* OnboardingView.swift in Sources */,
				ACA3237A20875DA200BDC92E /* OnboardingCoordinator.swift in Sources */,
				ACD5A5322088731C00B78CFD /* String+MD5.swift in Sources */,
				ACA3239420875FB100BDC92E /* UIView+Layout.swift in Sources */,
			);
			runOnlyForDeploymentPostprocessing = 0;
		};
		ACA323052087410200BDC92E /* Sources */ = {
			isa = PBXSourcesBuildPhase;
			buildActionMask = 2147483647;
			files = (
				ACA323A02087621700BDC92E /* CoordinatorFactoryImp.swift in Sources */,
				ACA3236F20875C1700BDC92E /* Router.swift in Sources */,
				ACA3239A2087608500BDC92E /* RouterImp.swift in Sources */,
				ACA323A52087625100BDC92E /* FlowFactoryImp.swift in Sources */,
				ACA323AA208763AA00BDC92E /* BaseViewController.swift in Sources */,
				AC8412202088B0E60086891C /* SignPlugin.swift in Sources */,
				ACF2DEB72089C63100660425 /* Gender.swift in Sources */,
				AC8412252088B1DE0086891C /* Signer.swift in Sources */,
				ACA3235820874A2900BDC92E /* Coordinator.swift in Sources */,
				ACA3236320875B4100BDC92E /* Array+isNotEmpty.swift in Sources */,
				ACA3238520875E4400BDC92E /* BaseView.swift in Sources */,
				ACA3238020875E0F00BDC92E /* OnboardingFlowFactory.swift in Sources */,
				ACD5A52920886C7C00B78CFD /* WebProvider.swift in Sources */,
				AC84121B2088828E0086891C /* WebAPI.swift in Sources */,
				ACA3236920875BD500BDC92E /* CoordinatorFactory.swift in Sources */,
				ACA3234D2087497900BDC92E /* AppDelegate.swift in Sources */,
				ACA3230E2087410200BDC92E /* SweetUITests.swift in Sources */,
				AC841216208881A40086891C /* AuthPlugin.swift in Sources */,
				ACA3235D20874A3C00BDC92E /* DeepLinkOption.swift in Sources */,
				AC84121120887C800086891C /* UIDevice+DeviceType.swift in Sources */,
				ACF2DEB22089C5ED00660425 /* LoginRequestBody.swift in Sources */,
				ACA323522087498900BDC92E /* ApplicationCoordinator.swift in Sources */,
				ACA3239020875F0800BDC92E /* OnboardingController.swift in Sources */,
				ACA323B0208763D900BDC92E /* Logger.swift in Sources */,
				ACA3237420875C2E00BDC92E /* Presentable.swift in Sources */,
				ACA3238B20875E6300BDC92E /* OnboardingView.swift in Sources */,
				ACA3237B20875DA200BDC92E /* OnboardingCoordinator.swift in Sources */,
				ACD5A5332088731C00B78CFD /* String+MD5.swift in Sources */,
				ACA3239520875FB100BDC92E /* UIView+Layout.swift in Sources */,
			);
			runOnlyForDeploymentPostprocessing = 0;
		};
		ACA3231C2087411B00BDC92E /* Sources */ = {
			isa = PBXSourcesBuildPhase;
			buildActionMask = 2147483647;
			files = (
				ACF2DEB02089C5ED00660425 /* LoginRequestBody.swift in Sources */,
				ACA323AE208763D900BDC92E /* Logger.swift in Sources */,
				AC8412232088B1DE0086891C /* Signer.swift in Sources */,
				ACA3235B20874A3C00BDC92E /* DeepLinkOption.swift in Sources */,
				ACA3237220875C2E00BDC92E /* Presentable.swift in Sources */,
				ACA3236120875B4100BDC92E /* Array+isNotEmpty.swift in Sources */,
				AC8412192088828E0086891C /* WebAPI.swift in Sources */,
				ACA323A32087625100BDC92E /* FlowFactoryImp.swift in Sources */,
				ACA323982087608500BDC92E /* RouterImp.swift in Sources */,
				AC84120F20887C800086891C /* UIDevice+DeviceType.swift in Sources */,
				ACA323A8208763AA00BDC92E /* BaseViewController.swift in Sources */,
				ACA3234B2087497900BDC92E /* AppDelegate.swift in Sources */,
				ACA3237920875DA200BDC92E /* OnboardingCoordinator.swift in Sources */,
				ACA3236D20875C1700BDC92E /* Router.swift in Sources */,
				ACA3238E20875F0800BDC92E /* OnboardingController.swift in Sources */,
				ACA3239E2087621700BDC92E /* CoordinatorFactoryImp.swift in Sources */,
				ACD5A5312088731C00B78CFD /* String+MD5.swift in Sources */,
				ACA3236720875BD500BDC92E /* CoordinatorFactory.swift in Sources */,
				ACA3237E20875E0F00BDC92E /* OnboardingFlowFactory.swift in Sources */,
				ACA323502087498900BDC92E /* ApplicationCoordinator.swift in Sources */,
				ACF2DEB52089C63100660425 /* Gender.swift in Sources */,
				AC84121E2088B0E60086891C /* SignPlugin.swift in Sources */,
				ACA3238920875E6300BDC92E /* OnboardingView.swift in Sources */,
				ACA3238320875E4400BDC92E /* BaseView.swift in Sources */,
				AC841214208881A40086891C /* AuthPlugin.swift in Sources */,
				ACA3239320875FB100BDC92E /* UIView+Layout.swift in Sources */,
				ACD5A52720886C7C00B78CFD /* WebProvider.swift in Sources */,
				ACA3235620874A2900BDC92E /* Coordinator.swift in Sources */,
			);
			runOnlyForDeploymentPostprocessing = 0;
		};
/* End PBXSourcesBuildPhase section */

/* Begin PBXTargetDependency section */
		ACA323002087410200BDC92E /* PBXTargetDependency */ = {
			isa = PBXTargetDependency;
			target = ACA322E92087410000BDC92E /* Sweet */;
			targetProxy = ACA322FF2087410200BDC92E /* PBXContainerItemProxy */;
		};
		ACA3230B2087410200BDC92E /* PBXTargetDependency */ = {
			isa = PBXTargetDependency;
			target = ACA322E92087410000BDC92E /* Sweet */;
			targetProxy = ACA3230A2087410200BDC92E /* PBXContainerItemProxy */;
		};
/* End PBXTargetDependency section */

/* Begin PBXVariantGroup section */
		ACA322F62087410200BDC92E /* LaunchScreen.storyboard */ = {
			isa = PBXVariantGroup;
			children = (
				ACA322F72087410200BDC92E /* Base */,
			);
			name = LaunchScreen.storyboard;
			sourceTree = "<group>";
		};
/* End PBXVariantGroup section */

/* Begin XCBuildConfiguration section */
		ACA323102087410200BDC92E /* Debug */ = {
			isa = XCBuildConfiguration;
			buildSettings = {
				ALWAYS_SEARCH_USER_PATHS = NO;
				CLANG_ANALYZER_NONNULL = YES;
				CLANG_ANALYZER_NUMBER_OBJECT_CONVERSION = YES_AGGRESSIVE;
				CLANG_CXX_LANGUAGE_STANDARD = "gnu++14";
				CLANG_CXX_LIBRARY = "libc++";
				CLANG_ENABLE_MODULES = YES;
				CLANG_ENABLE_OBJC_ARC = YES;
				CLANG_ENABLE_OBJC_WEAK = YES;
				CLANG_WARN_BLOCK_CAPTURE_AUTORELEASING = YES;
				CLANG_WARN_BOOL_CONVERSION = YES;
				CLANG_WARN_COMMA = YES;
				CLANG_WARN_CONSTANT_CONVERSION = YES;
				CLANG_WARN_DEPRECATED_OBJC_IMPLEMENTATIONS = YES;
				CLANG_WARN_DIRECT_OBJC_ISA_USAGE = YES_ERROR;
				CLANG_WARN_DOCUMENTATION_COMMENTS = YES;
				CLANG_WARN_EMPTY_BODY = YES;
				CLANG_WARN_ENUM_CONVERSION = YES;
				CLANG_WARN_INFINITE_RECURSION = YES;
				CLANG_WARN_INT_CONVERSION = YES;
				CLANG_WARN_NON_LITERAL_NULL_CONVERSION = YES;
				CLANG_WARN_OBJC_IMPLICIT_RETAIN_SELF = YES;
				CLANG_WARN_OBJC_LITERAL_CONVERSION = YES;
				CLANG_WARN_OBJC_ROOT_CLASS = YES_ERROR;
				CLANG_WARN_RANGE_LOOP_ANALYSIS = YES;
				CLANG_WARN_STRICT_PROTOTYPES = YES;
				CLANG_WARN_SUSPICIOUS_MOVE = YES;
				CLANG_WARN_UNGUARDED_AVAILABILITY = YES_AGGRESSIVE;
				CLANG_WARN_UNREACHABLE_CODE = YES;
				CLANG_WARN__DUPLICATE_METHOD_MATCH = YES;
				CODE_SIGN_IDENTITY = "iPhone Developer";
				COPY_PHASE_STRIP = NO;
				DEBUG_INFORMATION_FORMAT = dwarf;
				ENABLE_STRICT_OBJC_MSGSEND = YES;
				ENABLE_TESTABILITY = YES;
				GCC_C_LANGUAGE_STANDARD = gnu11;
				GCC_DYNAMIC_NO_PIC = NO;
				GCC_NO_COMMON_BLOCKS = YES;
				GCC_OPTIMIZATION_LEVEL = 0;
				GCC_PREPROCESSOR_DEFINITIONS = (
					"DEBUG=1",
					"$(inherited)",
				);
				GCC_WARN_64_TO_32_BIT_CONVERSION = YES;
				GCC_WARN_ABOUT_RETURN_TYPE = YES_ERROR;
				GCC_WARN_UNDECLARED_SELECTOR = YES;
				GCC_WARN_UNINITIALIZED_AUTOS = YES_AGGRESSIVE;
				GCC_WARN_UNUSED_FUNCTION = YES;
				GCC_WARN_UNUSED_VARIABLE = YES;
				IPHONEOS_DEPLOYMENT_TARGET = 9.0;
				MTL_ENABLE_DEBUG_INFO = YES;
				ONLY_ACTIVE_ARCH = YES;
				SDKROOT = iphoneos;
				SWIFT_ACTIVE_COMPILATION_CONDITIONS = DEBUG;
				SWIFT_OPTIMIZATION_LEVEL = "-Onone";
			};
			name = Debug;
		};
		ACA323112087410200BDC92E /* Release */ = {
			isa = XCBuildConfiguration;
			buildSettings = {
				ALWAYS_SEARCH_USER_PATHS = NO;
				CLANG_ANALYZER_NONNULL = YES;
				CLANG_ANALYZER_NUMBER_OBJECT_CONVERSION = YES_AGGRESSIVE;
				CLANG_CXX_LANGUAGE_STANDARD = "gnu++14";
				CLANG_CXX_LIBRARY = "libc++";
				CLANG_ENABLE_MODULES = YES;
				CLANG_ENABLE_OBJC_ARC = YES;
				CLANG_ENABLE_OBJC_WEAK = YES;
				CLANG_WARN_BLOCK_CAPTURE_AUTORELEASING = YES;
				CLANG_WARN_BOOL_CONVERSION = YES;
				CLANG_WARN_COMMA = YES;
				CLANG_WARN_CONSTANT_CONVERSION = YES;
				CLANG_WARN_DEPRECATED_OBJC_IMPLEMENTATIONS = YES;
				CLANG_WARN_DIRECT_OBJC_ISA_USAGE = YES_ERROR;
				CLANG_WARN_DOCUMENTATION_COMMENTS = YES;
				CLANG_WARN_EMPTY_BODY = YES;
				CLANG_WARN_ENUM_CONVERSION = YES;
				CLANG_WARN_INFINITE_RECURSION = YES;
				CLANG_WARN_INT_CONVERSION = YES;
				CLANG_WARN_NON_LITERAL_NULL_CONVERSION = YES;
				CLANG_WARN_OBJC_IMPLICIT_RETAIN_SELF = YES;
				CLANG_WARN_OBJC_LITERAL_CONVERSION = YES;
				CLANG_WARN_OBJC_ROOT_CLASS = YES_ERROR;
				CLANG_WARN_RANGE_LOOP_ANALYSIS = YES;
				CLANG_WARN_STRICT_PROTOTYPES = YES;
				CLANG_WARN_SUSPICIOUS_MOVE = YES;
				CLANG_WARN_UNGUARDED_AVAILABILITY = YES_AGGRESSIVE;
				CLANG_WARN_UNREACHABLE_CODE = YES;
				CLANG_WARN__DUPLICATE_METHOD_MATCH = YES;
				CODE_SIGN_IDENTITY = "iPhone Developer";
				COPY_PHASE_STRIP = NO;
				DEBUG_INFORMATION_FORMAT = "dwarf-with-dsym";
				ENABLE_NS_ASSERTIONS = NO;
				ENABLE_STRICT_OBJC_MSGSEND = YES;
				GCC_C_LANGUAGE_STANDARD = gnu11;
				GCC_NO_COMMON_BLOCKS = YES;
				GCC_WARN_64_TO_32_BIT_CONVERSION = YES;
				GCC_WARN_ABOUT_RETURN_TYPE = YES_ERROR;
				GCC_WARN_UNDECLARED_SELECTOR = YES;
				GCC_WARN_UNINITIALIZED_AUTOS = YES_AGGRESSIVE;
				GCC_WARN_UNUSED_FUNCTION = YES;
				GCC_WARN_UNUSED_VARIABLE = YES;
				IPHONEOS_DEPLOYMENT_TARGET = 9.0;
				MTL_ENABLE_DEBUG_INFO = NO;
				SDKROOT = iphoneos;
				SWIFT_COMPILATION_MODE = wholemodule;
				SWIFT_OPTIMIZATION_LEVEL = "-O";
				VALIDATE_PRODUCT = YES;
			};
			name = Release;
		};
		ACA323132087410200BDC92E /* Debug */ = {
			isa = XCBuildConfiguration;
			baseConfigurationReference = 1230DFC4DCAC8AC4D11FEA56 /* Pods-Sweet.debug.xcconfig */;
			buildSettings = {
				ASSETCATALOG_COMPILER_APPICON_NAME = AppIcon;
				CLANG_ENABLE_MODULES = YES;
				CODE_SIGN_STYLE = Automatic;
				DEVELOPMENT_TEAM = UGKT48GX9N;
				INFOPLIST_FILE = Sweet/Info.plist;
				LD_RUNPATH_SEARCH_PATHS = (
					"$(inherited)",
					"@executable_path/Frameworks",
				);
				PRODUCT_BUNDLE_IDENTIFIER = com.miaozan.XPro;
				PRODUCT_NAME = "$(TARGET_NAME)";
				SWIFT_ACTIVE_COMPILATION_CONDITIONS = DEBUG;
				SWIFT_OBJC_BRIDGING_HEADER = "Sweet-Bridging-Header.h";
				SWIFT_OPTIMIZATION_LEVEL = "-Onone";
				SWIFT_VERSION = 4.0;
				TARGETED_DEVICE_FAMILY = 1;
			};
			name = Debug;
		};
		ACA323142087410200BDC92E /* Release */ = {
			isa = XCBuildConfiguration;
			baseConfigurationReference = 1282931D8A64E3D56BFE5EC4 /* Pods-Sweet.release.xcconfig */;
			buildSettings = {
				ASSETCATALOG_COMPILER_APPICON_NAME = AppIcon;
				CLANG_ENABLE_MODULES = YES;
				CODE_SIGN_STYLE = Automatic;
				DEVELOPMENT_TEAM = UGKT48GX9N;
				INFOPLIST_FILE = Sweet/Info.plist;
				LD_RUNPATH_SEARCH_PATHS = (
					"$(inherited)",
					"@executable_path/Frameworks",
				);
				PRODUCT_BUNDLE_IDENTIFIER = com.miaozan.XPro;
				PRODUCT_NAME = "$(TARGET_NAME)";
				SWIFT_ACTIVE_COMPILATION_CONDITIONS = "";
				SWIFT_OBJC_BRIDGING_HEADER = "Sweet-Bridging-Header.h";
				SWIFT_VERSION = 4.0;
				TARGETED_DEVICE_FAMILY = 1;
			};
			name = Release;
		};
		ACA323162087410200BDC92E /* Debug */ = {
			isa = XCBuildConfiguration;
			baseConfigurationReference = 2B725F6E27BDDE57CD16E6B2 /* Pods-SweetTests.debug.xcconfig */;
			buildSettings = {
				ALWAYS_EMBED_SWIFT_STANDARD_LIBRARIES = YES;
				BUNDLE_LOADER = "$(TEST_HOST)";
				CLANG_ENABLE_MODULES = YES;
				CODE_SIGN_STYLE = Automatic;
				DEVELOPMENT_TEAM = UGKT48GX9N;
				INFOPLIST_FILE = SweetTests/Info.plist;
				LD_RUNPATH_SEARCH_PATHS = (
					"$(inherited)",
					"@executable_path/Frameworks",
					"@loader_path/Frameworks",
				);
				PRODUCT_BUNDLE_IDENTIFIER = me.miaobo.SweetTests;
				PRODUCT_NAME = "$(TARGET_NAME)";
				SWIFT_OBJC_BRIDGING_HEADER = "SweetTests-Bridging-Header.h";
				SWIFT_OPTIMIZATION_LEVEL = "-Onone";
				SWIFT_VERSION = 4.0;
				TARGETED_DEVICE_FAMILY = "1,2";
				TEST_HOST = "$(BUILT_PRODUCTS_DIR)/Sweet.app/Sweet";
			};
			name = Debug;
		};
		ACA323172087410200BDC92E /* Release */ = {
			isa = XCBuildConfiguration;
			baseConfigurationReference = 39B6E2AFAF5DF0EBCDB0F439 /* Pods-SweetTests.release.xcconfig */;
			buildSettings = {
				ALWAYS_EMBED_SWIFT_STANDARD_LIBRARIES = YES;
				BUNDLE_LOADER = "$(TEST_HOST)";
				CLANG_ENABLE_MODULES = YES;
				CODE_SIGN_STYLE = Automatic;
				DEVELOPMENT_TEAM = UGKT48GX9N;
				INFOPLIST_FILE = SweetTests/Info.plist;
				LD_RUNPATH_SEARCH_PATHS = (
					"$(inherited)",
					"@executable_path/Frameworks",
					"@loader_path/Frameworks",
				);
				PRODUCT_BUNDLE_IDENTIFIER = me.miaobo.SweetTests;
				PRODUCT_NAME = "$(TARGET_NAME)";
				SWIFT_OBJC_BRIDGING_HEADER = "SweetTests-Bridging-Header.h";
				SWIFT_VERSION = 4.0;
				TARGETED_DEVICE_FAMILY = "1,2";
				TEST_HOST = "$(BUILT_PRODUCTS_DIR)/Sweet.app/Sweet";
			};
			name = Release;
		};
		ACA323192087410200BDC92E /* Debug */ = {
			isa = XCBuildConfiguration;
			baseConfigurationReference = B0AACD15BE8117636303EBAF /* Pods-SweetUITests.debug.xcconfig */;
			buildSettings = {
				ALWAYS_EMBED_SWIFT_STANDARD_LIBRARIES = YES;
				CLANG_ENABLE_MODULES = YES;
				CODE_SIGN_STYLE = Automatic;
				DEVELOPMENT_TEAM = UGKT48GX9N;
				INFOPLIST_FILE = SweetUITests/Info.plist;
				LD_RUNPATH_SEARCH_PATHS = (
					"$(inherited)",
					"@executable_path/Frameworks",
					"@loader_path/Frameworks",
				);
				PRODUCT_BUNDLE_IDENTIFIER = me.miaobo.SweetUITests;
				PRODUCT_NAME = "$(TARGET_NAME)";
				SWIFT_OBJC_BRIDGING_HEADER = "SweetUITests-Bridging-Header.h";
				SWIFT_OPTIMIZATION_LEVEL = "-Onone";
				SWIFT_VERSION = 4.0;
				TARGETED_DEVICE_FAMILY = "1,2";
				TEST_TARGET_NAME = Sweet;
			};
			name = Debug;
		};
		ACA3231A2087410200BDC92E /* Release */ = {
			isa = XCBuildConfiguration;
			baseConfigurationReference = B5AE4C7FC4FD9137B3A1E789 /* Pods-SweetUITests.release.xcconfig */;
			buildSettings = {
				ALWAYS_EMBED_SWIFT_STANDARD_LIBRARIES = YES;
				CLANG_ENABLE_MODULES = YES;
				CODE_SIGN_STYLE = Automatic;
				DEVELOPMENT_TEAM = UGKT48GX9N;
				INFOPLIST_FILE = SweetUITests/Info.plist;
				LD_RUNPATH_SEARCH_PATHS = (
					"$(inherited)",
					"@executable_path/Frameworks",
					"@loader_path/Frameworks",
				);
				PRODUCT_BUNDLE_IDENTIFIER = me.miaobo.SweetUITests;
				PRODUCT_NAME = "$(TARGET_NAME)";
				SWIFT_OBJC_BRIDGING_HEADER = "SweetUITests-Bridging-Header.h";
				SWIFT_VERSION = 4.0;
				TARGETED_DEVICE_FAMILY = "1,2";
				TEST_TARGET_NAME = Sweet;
			};
			name = Release;
		};
		ACA323252087411B00BDC92E /* Debug */ = {
			isa = XCBuildConfiguration;
			baseConfigurationReference = A48B6C5F41AA87BE9A227F26 /* Pods-Sweet-Sweet Dev.debug.xcconfig */;
			buildSettings = {
				ASSETCATALOG_COMPILER_APPICON_NAME = AppIcon;
				CLANG_ENABLE_MODULES = YES;
				CODE_SIGN_STYLE = Automatic;
				DEVELOPMENT_TEAM = UGKT48GX9N;
				INFOPLIST_FILE = "$(SRCROOT)/Sweet/Sweet Dev-Info.plist";
				LD_RUNPATH_SEARCH_PATHS = (
					"$(inherited)",
					"@executable_path/Frameworks",
				);
				PRODUCT_BUNDLE_IDENTIFIER = "com.miaozan.XPro-dev";
				PRODUCT_NAME = "$(TARGET_NAME)";
				SWIFT_ACTIVE_COMPILATION_CONDITIONS = "DEBUG DEV";
				SWIFT_OBJC_BRIDGING_HEADER = "Sweet Dev-Bridging-Header.h";
				SWIFT_OPTIMIZATION_LEVEL = "-Onone";
				SWIFT_VERSION = 4.0;
				TARGETED_DEVICE_FAMILY = 1;
			};
			name = Debug;
		};
		ACA323262087411B00BDC92E /* Release */ = {
			isa = XCBuildConfiguration;
			baseConfigurationReference = 4FF84DB9CCEBB7F0B8F859CF /* Pods-Sweet-Sweet Dev.release.xcconfig */;
			buildSettings = {
				ASSETCATALOG_COMPILER_APPICON_NAME = AppIcon;
				CLANG_ENABLE_MODULES = YES;
				CODE_SIGN_STYLE = Automatic;
				DEVELOPMENT_TEAM = UGKT48GX9N;
				INFOPLIST_FILE = "$(SRCROOT)/Sweet/Sweet Dev-Info.plist";
				LD_RUNPATH_SEARCH_PATHS = (
					"$(inherited)",
					"@executable_path/Frameworks",
				);
				PRODUCT_BUNDLE_IDENTIFIER = "com.miaozan.XPro-dev";
				PRODUCT_NAME = "$(TARGET_NAME)";
				SWIFT_ACTIVE_COMPILATION_CONDITIONS = DEV;
				SWIFT_OBJC_BRIDGING_HEADER = "Sweet Dev-Bridging-Header.h";
				SWIFT_VERSION = 4.0;
				TARGETED_DEVICE_FAMILY = 1;
			};
			name = Release;
		};
/* End XCBuildConfiguration section */

/* Begin XCConfigurationList section */
		ACA322E52087410000BDC92E /* Build configuration list for PBXProject "Sweet" */ = {
			isa = XCConfigurationList;
			buildConfigurations = (
				ACA323102087410200BDC92E /* Debug */,
				ACA323112087410200BDC92E /* Release */,
			);
			defaultConfigurationIsVisible = 0;
			defaultConfigurationName = Release;
		};
		ACA323122087410200BDC92E /* Build configuration list for PBXNativeTarget "Sweet" */ = {
			isa = XCConfigurationList;
			buildConfigurations = (
				ACA323132087410200BDC92E /* Debug */,
				ACA323142087410200BDC92E /* Release */,
			);
			defaultConfigurationIsVisible = 0;
			defaultConfigurationName = Release;
		};
		ACA323152087410200BDC92E /* Build configuration list for PBXNativeTarget "SweetTests" */ = {
			isa = XCConfigurationList;
			buildConfigurations = (
				ACA323162087410200BDC92E /* Debug */,
				ACA323172087410200BDC92E /* Release */,
			);
			defaultConfigurationIsVisible = 0;
			defaultConfigurationName = Release;
		};
		ACA323182087410200BDC92E /* Build configuration list for PBXNativeTarget "SweetUITests" */ = {
			isa = XCConfigurationList;
			buildConfigurations = (
				ACA323192087410200BDC92E /* Debug */,
				ACA3231A2087410200BDC92E /* Release */,
			);
			defaultConfigurationIsVisible = 0;
			defaultConfigurationName = Release;
		};
		ACA323242087411B00BDC92E /* Build configuration list for PBXNativeTarget "Sweet Dev" */ = {
			isa = XCConfigurationList;
			buildConfigurations = (
				ACA323252087411B00BDC92E /* Debug */,
				ACA323262087411B00BDC92E /* Release */,
			);
			defaultConfigurationIsVisible = 0;
			defaultConfigurationName = Release;
		};
/* End XCConfigurationList section */
	};
	rootObject = ACA322E22087410000BDC92E /* Project object */;
}
