PODS:
  - Alamofire (4.7.3)
  - CocoaAsyncSocket (7.5.1):
    - CocoaAsyncSocket/GCD (= 7.5.1)
  - CocoaAsyncSocket/GCD (7.5.1)
  - FLEX (2.4.0)
  - Gemini (1.3.0)
  - Hero (1.2.0)
  - JDStatusBarNotification (1.5.6)
  - JXPhotoBrowser/Core (1.5.1)
  - KMNavigationBarTransition (1.1.5)
  - libimcloud (0.2.7):
    - CocoaAsyncSocket (~> 7.5.1)
  - libwebp (0.6.1):
    - libwebp/core (= 0.6.1)
    - libwebp/dec (= 0.6.1)
    - libwebp/demux (= 0.6.1)
    - libwebp/dsp (= 0.6.1)
    - libwebp/enc (= 0.6.1)
    - libwebp/mux (= 0.6.1)
    - libwebp/utils (= 0.6.1)
    - libwebp/webp (= 0.6.1)
  - libwebp/core (0.6.1):
    - libwebp/webp
  - libwebp/dec (0.6.1):
    - libwebp/core
  - libwebp/demux (0.6.1):
    - libwebp/core
  - libwebp/dsp (0.6.1):
    - libwebp/core
  - libwebp/enc (0.6.1):
    - libwebp/core
  - libwebp/mux (0.6.1):
    - libwebp/core
  - libwebp/utils (0.6.1):
    - libwebp/core
  - libwebp/webp (0.6.1)
  - MessageKit (1.0.0)
  - Moya (11.0.2):
    - Moya/Core (= 11.0.2)
  - Moya/Core (11.0.2):
    - Alamofire (~> 4.1)
    - Result (~> 3.0)
  - NVActivityIndicatorView (4.3.0):
    - NVActivityIndicatorView/Presenter (= 4.3.0)
  - NVActivityIndicatorView/Presenter (4.3.0)
  - Pageboy (2.5.4)
  - PKHUD (5.1.0)
  - Realm (3.7.6):
    - Realm/Headers (= 3.7.6)
  - Realm/Headers (3.7.6)
  - RealmSwift (3.7.6):
    - Realm (= 3.7.6)
  - Result (3.2.4)
  - Reveal-SDK (18)
  - SDWebImage (5.0.0-beta2):
    - SDWebImage/Core (= 5.0.0-beta2)
  - SDWebImage/Core (5.0.0-beta2)
  - SDWebImage/WebP (5.0.0-beta2):
    - libwebp (~> 0.5)
    - SDWebImage/Core
  - STPopup (1.8.3)
  - STPopupPreview (1.0.3):
    - STPopup (~> 1.7)
  - SwiftProtobuf (1.1.0)
  - SwiftyUserDefaults (3.0.1)
  - SwipeCellKit (2.3.2)
  - TapticEngine (1.1.0)
  - TencentOpenAPI-Swift (3.3.2)
  - UMCAnalytics (5.5.0):
    - UMCCommon
  - UMCCommon (1.5.2)
  - UMCPush (3.2.2):
    - UMCCommon
  - UMCSecurityPlugins (1.0.6)
  - VIMediaCache (0.4)
  - VolumeBar (3.0.4)
  - WechatOpenSDK (1.8.2)
  - Weibo_SDK (3.2.3)
  - YYText (1.0.7)

DEPENDENCIES:
  - FLEX (~> 2.0)
  - Gemini
  - Hero
  - JDStatusBarNotification
  - JXPhotoBrowser/Core
  - KMNavigationBarTransition
  - libimcloud (from `https://gitee.com/miaobo/iOS.LIBIMCLOUD.git`, branch `master`)
  - MessageKit (from `https://github.com/MessageKit/MessageKit.git`, branch `development`)
  - Moya (~> 11.0)
  - NVActivityIndicatorView
  - Pageboy (~> 2.0)
  - PKHUD (~> 5.0)
  - RealmSwift
  - Reveal-SDK
  - SDWebImage (from `https://github.com/rs/SDWebImage.git`, branch `5.x`)
  - SDWebImage/WebP (from `https://github.com/rs/SDWebImage.git`, branch `5.x`)
  - STPopupPreview
  - SwiftProtobuf
  - SwiftyUserDefaults
  - SwipeCellKit (= 2.3.2)
  - TapticEngine
  - TencentOpenAPI-Swift
  - UMCAnalytics
  - UMCCommon
  - UMCPush
  - UMCSecurityPlugins
  - VIMediaCache (from `https://github.com/vitoziv/VIMediaCache.git`)
  - VolumeBar (~> 3.0.4)
  - WechatOpenSDK
  - Weibo_SDK (from `https://github.com/sinaweibosdk/weibo_ios_sdk.git`)
  - YYText

SPEC REPOS:
  https://github.com/cocoapods/specs.git:
    - Alamofire
    - CocoaAsyncSocket
    - FLEX
    - Gemini
    - Hero
    - JDStatusBarNotification
    - JXPhotoBrowser
    - KMNavigationBarTransition
    - libwebp
    - Moya
    - NVActivityIndicatorView
    - Pageboy
    - PKHUD
    - Realm
    - RealmSwift
    - Result
    - Reveal-SDK
    - STPopup
    - STPopupPreview
    - SwiftProtobuf
    - SwiftyUserDefaults
    - SwipeCellKit
    - TapticEngine
    - TencentOpenAPI-Swift
    - UMCAnalytics
    - UMCCommon
    - UMCPush
    - UMCSecurityPlugins
    - VolumeBar
    - WechatOpenSDK
    - YYText

EXTERNAL SOURCES:
  libimcloud:
    :branch: master
    :git: https://gitee.com/miaobo/iOS.LIBIMCLOUD.git
  MessageKit:
    :branch: development
    :git: https://github.com/MessageKit/MessageKit.git
  SDWebImage:
    :branch: 5.x
    :git: https://github.com/rs/SDWebImage.git
  VIMediaCache:
    :git: https://github.com/vitoziv/VIMediaCache.git
  Weibo_SDK:
    :git: https://github.com/sinaweibosdk/weibo_ios_sdk.git

CHECKOUT OPTIONS:
  libimcloud:
    :commit: ff6cddbcee9ea5b703b72686a4291d73209ee450
    :git: https://gitee.com/miaobo/iOS.LIBIMCLOUD.git
  MessageKit:
    :commit: ba9baace729e67b1debb4dec0b9f7a0ebbfa4e11
    :git: https://github.com/MessageKit/MessageKit.git
  SDWebImage:
    :commit: 2bb336bc12a5690dd11988c0bc8bef2c7318508d
    :git: https://github.com/rs/SDWebImage.git
  VIMediaCache:
    :commit: c0f57ba2b8bc661403032f4213d6169d6190be5d
    :git: https://github.com/vitoziv/VIMediaCache.git
  Weibo_SDK:
    :commit: f5b138320aefe0ed20b76b8510521432f1a6c9ac
    :git: https://github.com/sinaweibosdk/weibo_ios_sdk.git

SPEC CHECKSUMS:
  Alamofire: c7287b6e5d7da964a70935e5db17046b7fde6568
  CocoaAsyncSocket: e0a7e93b2ffa411592ff87e58524fbbc9b95b4fa
  FLEX: bd1a39e55b56bb413b6f1b34b3c10a0dc44ef079
  Gemini: 1a932868fa70579457162c3a93cd844ad5df3455
  Hero: 33dadf2cd1c98af71e213dcbc2902e6e03622a4e
  JDStatusBarNotification: d5829a8f2f291b23b8a54b87fac8bf2549945a2f
  JXPhotoBrowser: 08d5e234e5742c3561b544d0824969d537d18a47
  KMNavigationBarTransition: 7a52c9bc25b39b6e3343e980b453facee1591b82
  libimcloud: 13cf95770c1179d7e0b3c10e7829e5475e830433
  libwebp: 0f01098c6c17175391af621b2f14150f3ca16e16
  MessageKit: 16160036b16476b04bd0e9f2c7ce67e662e503e4
  Moya: a725035953bc1c0eb1be505ab903984501d82440
  NVActivityIndicatorView: 963f62bf9f993fcf23218e55958e5b1761b9504c
  Pageboy: 46d743783414a18f8b27a988485e0ed2ea219ff7
  PKHUD: 62ea46a1e88c4def1da784878d199bb54c841e3c
  Realm: 9eaecad54712d6246d08ba34c10f354e4715d7d3
  RealmSwift: 1fe08b4ebaeeaacf17f9ba0343f7b25c9fc31fa6
  Result: d2d07204ce72856f1fd9130bbe42c35a7b0fea10
  Reveal-SDK: cce79388da3fd0bbb6ae19d769b906cfc3a33a89
  SDWebImage: 8e4aaf5805e954ad426702adf5a8c012a7f581d1
  STPopup: da1167250a01584af7bcccb898653185f223ec46
  STPopupPreview: b337976411c4bc3324731f9d6cd056ac8f8b421c
  SwiftProtobuf: f72e7c8b02f709da8c1a5661804ee1604ca504ae
  SwiftyUserDefaults: 3d273b1739b68ada3145dc754a70ec775bc5c8be
  SwipeCellKit: 52b160ea820245eb972b2eca270cb3a6f68e33af
  TapticEngine: b78b5513432b3c01af2ebbe018c0995778306757
  TencentOpenAPI-Swift: 90769218aaa8cd31b8311635b5675365a8df3f4c
  UMCAnalytics: 4667788559a72f2fa5077117d1b8802a3b6eb6bb
  UMCCommon: 4392868ac47ff1b101663106bb114ba616fabbad
  UMCPush: 5ab89bdbcc1fe90b1c669ff79213b44dc4821ec5
  UMCSecurityPlugins: 0831a08f3988f3cea9f1d3a7626cd9bee4fef150
  VIMediaCache: aa650f82cb114c68a343beb4e67416cf5eb2f3a2
  VolumeBar: 4d0fa32e251ef9af30fffde8dd087ac5ad7bc9e6
  WechatOpenSDK: 676feec516a11173eafd1fe64b10d27babf28701
  Weibo_SDK: 652ca78c2f7147a5de5e75e7cbea89838a81772a
  YYText: 5c461d709e24d55a182d1441c41dc639a18a4849

PODFILE CHECKSUM: 32c8cde594f7ae32a911ad76434b4c267eace5ad

COCOAPODS: 1.5.3
