PODS:
  - Alamofire (4.7.2)
  - CocoaAsyncSocket (7.5.1):
    - CocoaAsyncSocket/GCD (= 7.5.1)
  - CocoaAsyncSocket/GCD (7.5.1)
  - Hero (1.2.0)
  - JXPhotoBrowser (1.1.1):
    - Kingfisher
  - Kingfisher (4.8.0)
  - libimcloud (0.2.7):
    - CocoaAsyncSocket (~> 7.5.1)
  - MessageKit (1.0.0-beta.1)
  - Moya (11.0.2):
    - Moya/Core (= 11.0.2)
  - Moya/Core (11.0.2):
    - Alamofire (~> 4.1)
    - Result (~> 3.0)
  - NVActivityIndicatorView (4.2.1):
    - NVActivityIndicatorView/Presenter (= 4.2.1)
  - NVActivityIndicatorView/Presenter (4.2.1)
  - Pageboy (2.5.1)
  - PKHUD (5.0.0)
  - Realm (3.5.0):
    - Realm/Headers (= 3.5.0)
  - Realm/Headers (3.5.0)
  - RealmSwift (3.5.0):
    - Realm (= 3.5.0)
  - Result (3.2.4)
  - Reveal-SDK (15)
  - SwiftProtobuf (1.0.3)
  - SwiftyUserDefaults (3.0.1)
  - SwipeCellKit (2.3.2)
  - TapticEngine (1.1.0)
  - UMCCommon (1.5.0)
  - UMCPush (3.2.1):
    - UMCCommon
  - VIMediaCache (0.4)
  - WechatOpenSDK (1.8.2)

DEPENDENCIES:
  - Hero (~> 1.2.0)
  - JXPhotoBrowser
  - Kingfisher
  - libimcloud (from `https://gitee.com/miaobo/iOS.LIBIMCLOUD.git`, branch `master`)
  - MessageKit (from `https://github.com/MessageKit/MessageKit.git`, tag `1.0.0-beta.1`)
  - Moya (~> 11.0)
  - NVActivityIndicatorView
  - Pageboy (~> 2.0)
  - PKHUD (~> 5.0)
  - RealmSwift
  - Reveal-SDK
  - SwiftProtobuf
  - SwiftyUserDefaults
  - SwipeCellKit
  - TapticEngine
  - UMCPush
  - VIMediaCache
  - WechatOpenSDK

SPEC REPOS:
  https://github.com/CocoaPods/Specs.git:
    - Alamofire
    - CocoaAsyncSocket
    - Hero
    - JXPhotoBrowser
    - Kingfisher
    - Moya
    - NVActivityIndicatorView
    - Pageboy
    - PKHUD
    - Realm
    - RealmSwift
    - Result
    - Reveal-SDK
    - SwiftProtobuf
    - SwiftyUserDefaults
    - SwipeCellKit
    - TapticEngine
    - UMCCommon
    - UMCPush
    - VIMediaCache
    - WechatOpenSDK

EXTERNAL SOURCES:
  libimcloud:
    :branch: master
    :git: https://gitee.com/miaobo/iOS.LIBIMCLOUD.git
  MessageKit:
    :git: https://github.com/MessageKit/MessageKit.git
    :tag: 1.0.0-beta.1

CHECKOUT OPTIONS:
  libimcloud:
    :commit: ff6cddbcee9ea5b703b72686a4291d73209ee450
    :git: https://gitee.com/miaobo/iOS.LIBIMCLOUD.git
  MessageKit:
    :git: https://github.com/MessageKit/MessageKit.git
    :tag: 1.0.0-beta.1

SPEC CHECKSUMS:
  Alamofire: e4fa87002c137ba2d8d634d2c51fabcda0d5c223
  CocoaAsyncSocket: e0a7e93b2ffa411592ff87e58524fbbc9b95b4fa
  Hero: 33dadf2cd1c98af71e213dcbc2902e6e03622a4e
  JXPhotoBrowser: f1758dd7a74c2047da0a8aab52318a9314929826
  Kingfisher: 976d828df2b24834c6a3f2fc4d82cdbd26552be1
  libimcloud: 13cf95770c1179d7e0b3c10e7829e5475e830433
  MessageKit: 6f1313d60e480e4b09641582c65f3e36825a5bf4
  Moya: a725035953bc1c0eb1be505ab903984501d82440
  NVActivityIndicatorView: 8068ba3ad39cb44cbaab25d89ff2546b3f092681
  Pageboy: f0295ea949f0b0123a1b486fd347ea892d0078e0
  PKHUD: 3c001512c6e002091184197a8de7a20420786e3b
  Realm: 0378021c424e4e2bd6a0e63b27881e929d9b9ad1
  RealmSwift: 3322562622fda2ad596985ead4d8d8be30cf838c
  Result: d2d07204ce72856f1fd9130bbe42c35a7b0fea10
  Reveal-SDK: 25e21896c478b60b948f876043f91570d368d23d
  SwiftProtobuf: 5ccc0e4054e37c75800e5744acb2aa80bb72b39c
  SwiftyUserDefaults: 3d273b1739b68ada3145dc754a70ec775bc5c8be
  SwipeCellKit: 52b160ea820245eb972b2eca270cb3a6f68e33af
  TapticEngine: b78b5513432b3c01af2ebbe018c0995778306757
  UMCCommon: 82d21f4bb9532a5472cc533bbd8ed48aff376a14
  UMCPush: 6a56ca259e934043a491283a88b1699596ea1a18
  VIMediaCache: aa650f82cb114c68a343beb4e67416cf5eb2f3a2
  WechatOpenSDK: 676feec516a11173eafd1fe64b10d27babf28701

PODFILE CHECKSUM: f723e0bd70fea2fefc7b0680e51105d945f456c7

COCOAPODS: 1.5.0
